PODS:
  - Eureka (5.3.3)
  - SwiftyJSON (5.0.1)
  - UICircularProgressRing (8.0.0)

DEPENDENCIES:
  - Eureka
  - SwiftyJSON (~> 5.0.1)
  - UICircularProgressRing

SPEC REPOS:
  trunk:
    - Eureka
    - SwiftyJSON
    - UICircularProgressRing

SPEC CHECKSUMS:
  Eureka: e6d720290c56bb23333ad1a0e020b2a98a0e9a43
  SwiftyJSON: 2f33a42c6fbc52764d96f13368585094bfd8aa5e
  UICircularProgressRing: 19927375b2b21b5fa5fd9582f15ccdef9659da16

PODFILE CHECKSUM: a41189ca1f7fa896c2c91ccab16195efcfaae89c

COCOAPODS: 1.10.1
