PODS:
  - Eureka (5.3.2)
  - SwiftyJSON (4.3.0)
  - UICircularProgressRing (7.0.0)

DEPENDENCIES:
  - Eureka
  - SwiftyJSON (~> 4.0)
  - UICircularProgressRing

SPEC REPOS:
  trunk:
    - Eureka
    - SwiftyJSON
    - UICircularProgressRing

SPEC CHECKSUMS:
  Eureka: 1c2b8b5892bfb0e972d0fe05f8c09fd89f8625ec
  SwiftyJSON: 6faa0040f8b59dead0ee07436cbf76b73c08fd08
  UICircularProgressRing: 738b48db0ec1fbbd8482d727979392bb8c272e8d

PODFILE CHECKSUM: b3a70b567719cdffd51b2e1a1544329d42ff3c05

COCOAPODS: 1.9.3
