// !$*UTF8*$!
{
	archiveVersion = 1;
	classes = {
	};
	objectVersion = 51;
	objects = {

/* Begin PBXBuildFile section */
		8320217822A46B89003BBB8C /* ResultsTableViewController.swift in Sources */ = {isa = PBXBuildFile; fileRef = 8320217722A46B89003BBB8C /* ResultsTableViewController.swift */; };
		8320217A22A47248003BBB8C /* SummaryTableViewCell.swift in Sources */ = {isa = PBXBuildFile; fileRef = 8320217922A47248003BBB8C /* SummaryTableViewCell.swift */; };
		8320217C22A47253003BBB8C /* QuestionTableViewCell.swift in Sources */ = {isa = PBXBuildFile; fileRef = 8320217B22A47253003BBB8C /* QuestionTableViewCell.swift */; };
		8320218322A6F7DA003BBB8C /* GradientView.swift in Sources */ = {isa = PBXBuildFile; fileRef = 8320218222A6F7DA003BBB8C /* GradientView.swift */; };
		8320218622A71513003BBB8C /* SettingsViewController.swift in Sources */ = {isa = PBXBuildFile; fileRef = 8320218522A71513003BBB8C /* SettingsViewController.swift */; };
		8320218922A775E2003BBB8C /* extensions.swift in Sources */ = {isa = PBXBuildFile; fileRef = 8320218822A775E2003BBB8C /* extensions.swift */; };
		8320218B22A7800C003BBB8C /* BorderedButton.swift in Sources */ = {isa = PBXBuildFile; fileRef = 8320218A22A7800C003BBB8C /* BorderedButton.swift */; };
		8320218E22A8090C003BBB8C /* MQFDefaults.swift in Sources */ = {isa = PBXBuildFile; fileRef = 8320218D22A8090C003BBB8C /* MQFDefaults.swift */; };
		8320219022A81904003BBB8C /* DataManager.swift in Sources */ = {isa = PBXBuildFile; fileRef = 8320218F22A81904003BBB8C /* DataManager.swift */; };
		8320219222A81A8D003BBB8C /* MQFData.swift in Sources */ = {isa = PBXBuildFile; fileRef = 8320219122A81A8D003BBB8C /* MQFData.swift */; };
		8320219422AB2FF0003BBB8C /* ChooseMQFViewController.swift in Sources */ = {isa = PBXBuildFile; fileRef = 8320219322AB2FF0003BBB8C /* ChooseMQFViewController.swift */; };
		8326A3F323DE54C3009B2934 /* available.json in Resources */ = {isa = PBXBuildFile; fileRef = 8378DECB23B55AC00031579A /* available.json */; };
		8326A40023DE563B009B2934 /* test-c17-ILM-May18.json in Resources */ = {isa = PBXBuildFile; fileRef = 8326A3F423DE563B009B2934 /* test-c17-ILM-May18.json */; };
		8326A40123DE563B009B2934 /* test-c17-LM-May18.json in Resources */ = {isa = PBXBuildFile; fileRef = 8326A3F523DE563B009B2934 /* test-c17-LM-May18.json */; };
		8326A40223DE563B009B2934 /* test-c17-Pilot-1nov.json in Resources */ = {isa = PBXBuildFile; fileRef = 8326A3F623DE563B009B2934 /* test-c17-Pilot-1nov.json */; };
		8326A40323DE563B009B2934 /* test-c17-Pilot-AD-1nov.json in Resources */ = {isa = PBXBuildFile; fileRef = 8326A3F723DE563B009B2934 /* test-c17-Pilot-AD-1nov.json */; };
		8326A40423DE563B009B2934 /* test-c17-Pilot-IP-1nov.json in Resources */ = {isa = PBXBuildFile; fileRef = 8326A3F823DE563B009B2934 /* test-c17-Pilot-IP-1nov.json */; };
		8326A40523DE563B009B2934 /* test-c17-KCHS-Pilot.json in Resources */ = {isa = PBXBuildFile; fileRef = 8326A3F923DE563B009B2934 /* test-c17-KCHS-Pilot.json */; };
		8326A40623DE563B009B2934 /* test-c17-LM.json in Resources */ = {isa = PBXBuildFile; fileRef = 8326A3FA23DE563B009B2934 /* test-c17-LM.json */; };
		8326A40823DE563B009B2934 /* test-c17-LM-AD-May18.json in Resources */ = {isa = PBXBuildFile; fileRef = 8326A3FC23DE563B009B2934 /* test-c17-LM-AD-May18.json */; };
		8326A40923DE563B009B2934 /* test-c17-ILM.json in Resources */ = {isa = PBXBuildFile; fileRef = 8326A3FD23DE563B009B2934 /* test-c17-ILM.json */; };
		8326A40B23DE563B009B2934 /* test-c17-LM-AD.json in Resources */ = {isa = PBXBuildFile; fileRef = 8326A3FF23DE563B009B2934 /* test-c17-LM-AD.json */; };
		832F079F23E2865600BBA3C6 /* QKQuestion.swift in Sources */ = {isa = PBXBuildFile; fileRef = 832F079E23E2865600BBA3C6 /* QKQuestion.swift */; };
		832F07A123E287C700BBA3C6 /* MQFBaseTests.swift in Sources */ = {isa = PBXBuildFile; fileRef = 832F07A023E287C700BBA3C6 /* MQFBaseTests.swift */; };
		832F07A323E2899E00BBA3C6 /* DataManagerTests.swift in Sources */ = {isa = PBXBuildFile; fileRef = 832F07A223E2899E00BBA3C6 /* DataManagerTests.swift */; };
		832F07A523E3297300BBA3C6 /* QKSessionTests.swift in Sources */ = {isa = PBXBuildFile; fileRef = 832F07A423E3297300BBA3C6 /* QKSessionTests.swift */; };
		832F07BC23E3F05900BBA3C6 /* OperatorsTest.swift in Sources */ = {isa = PBXBuildFile; fileRef = 832F07AC23E3F05800BBA3C6 /* OperatorsTest.swift */; };
		832F07BD23E3F05900BBA3C6 /* FormValuesTests.swift in Sources */ = {isa = PBXBuildFile; fileRef = 832F07AD23E3F05800BBA3C6 /* FormValuesTests.swift */; };
		832F07BE23E3F05900BBA3C6 /* DateTests.swift in Sources */ = {isa = PBXBuildFile; fileRef = 832F07AE23E3F05800BBA3C6 /* DateTests.swift */; };
		832F07BF23E3F05900BBA3C6 /* HiddenRowsTests.swift in Sources */ = {isa = PBXBuildFile; fileRef = 832F07AF23E3F05800BBA3C6 /* HiddenRowsTests.swift */; };
		832F07C023E3F05900BBA3C6 /* SetValuesTests.swift in Sources */ = {isa = PBXBuildFile; fileRef = 832F07B023E3F05800BBA3C6 /* SetValuesTests.swift */; };
		832F07C123E3F05900BBA3C6 /* BaseEurekaTests.swift in Sources */ = {isa = PBXBuildFile; fileRef = 832F07B123E3F05800BBA3C6 /* BaseEurekaTests.swift */; };
		832F07C223E3F05900BBA3C6 /* HelperMethodTests.swift in Sources */ = {isa = PBXBuildFile; fileRef = 832F07B223E3F05800BBA3C6 /* HelperMethodTests.swift */; };
		832F07C323E3F05900BBA3C6 /* RowByTagTests.swift in Sources */ = {isa = PBXBuildFile; fileRef = 832F07B323E3F05800BBA3C6 /* RowByTagTests.swift */; };
		832F07C423E3F05900BBA3C6 /* CollectionTests.swift in Sources */ = {isa = PBXBuildFile; fileRef = 832F07B423E3F05900BBA3C6 /* CollectionTests.swift */; };
		832F07C523E3F05900BBA3C6 /* RowCallbackTests.swift in Sources */ = {isa = PBXBuildFile; fileRef = 832F07B523E3F05900BBA3C6 /* RowCallbackTests.swift */; };
		832F07C623E3F05900BBA3C6 /* SelectableSectionTests.swift in Sources */ = {isa = PBXBuildFile; fileRef = 832F07B623E3F05900BBA3C6 /* SelectableSectionTests.swift */; };
		832F07C723E3F05900BBA3C6 /* SectionsInsertionTests.swift in Sources */ = {isa = PBXBuildFile; fileRef = 832F07B723E3F05900BBA3C6 /* SectionsInsertionTests.swift */; };
		832F07C823E3F05900BBA3C6 /* RowsInsertionTests.swift in Sources */ = {isa = PBXBuildFile; fileRef = 832F07B823E3F05900BBA3C6 /* RowsInsertionTests.swift */; };
		832F07C923E3F05900BBA3C6 /* ValidationsTests.swift in Sources */ = {isa = PBXBuildFile; fileRef = 832F07B923E3F05900BBA3C6 /* ValidationsTests.swift */; };
		832F07CA23E3F05900BBA3C6 /* CallbacksTests.swift in Sources */ = {isa = PBXBuildFile; fileRef = 832F07BA23E3F05900BBA3C6 /* CallbacksTests.swift */; };
		832F07CB23E3F05900BBA3C6 /* MultivaluedSectionTests.swift in Sources */ = {isa = PBXBuildFile; fileRef = 832F07BB23E3F05900BBA3C6 /* MultivaluedSectionTests.swift */; };
		832F07DF23E3F22600BBA3C6 /* MergeTests.swift in Sources */ = {isa = PBXBuildFile; fileRef = 832F07CE23E3F22500BBA3C6 /* MergeTests.swift */; };
		832F07E023E3F22600BBA3C6 /* PerformanceTests.swift in Sources */ = {isa = PBXBuildFile; fileRef = 832F07CF23E3F22500BBA3C6 /* PerformanceTests.swift */; };
		832F07E123E3F22600BBA3C6 /* SubscriptTests.swift in Sources */ = {isa = PBXBuildFile; fileRef = 832F07D023E3F22500BBA3C6 /* SubscriptTests.swift */; };
		832F07E223E3F22600BBA3C6 /* NumberTests.swift in Sources */ = {isa = PBXBuildFile; fileRef = 832F07D123E3F22500BBA3C6 /* NumberTests.swift */; };
		832F07E323E3F22600BBA3C6 /* BaseTests.swift in Sources */ = {isa = PBXBuildFile; fileRef = 832F07D223E3F22500BBA3C6 /* BaseTests.swift */; };
		832F07E423E3F22600BBA3C6 /* DictionaryTests.swift in Sources */ = {isa = PBXBuildFile; fileRef = 832F07D323E3F22500BBA3C6 /* DictionaryTests.swift */; };
		832F07E523E3F22600BBA3C6 /* CodableTests.swift in Sources */ = {isa = PBXBuildFile; fileRef = 832F07D423E3F22500BBA3C6 /* CodableTests.swift */; };
		832F07E623E3F22600BBA3C6 /* SequenceTypeTests.swift in Sources */ = {isa = PBXBuildFile; fileRef = 832F07D523E3F22500BBA3C6 /* SequenceTypeTests.swift */; };
		832F07E723E3F22600BBA3C6 /* StringTests.swift in Sources */ = {isa = PBXBuildFile; fileRef = 832F07D623E3F22600BBA3C6 /* StringTests.swift */; };
		832F07E823E3F22600BBA3C6 /* RawRepresentableTests.swift in Sources */ = {isa = PBXBuildFile; fileRef = 832F07D723E3F22600BBA3C6 /* RawRepresentableTests.swift */; };
		832F07E923E3F22600BBA3C6 /* PrintableTests.swift in Sources */ = {isa = PBXBuildFile; fileRef = 832F07D823E3F22600BBA3C6 /* PrintableTests.swift */; };
		832F07EA23E3F22600BBA3C6 /* RawTests.swift in Sources */ = {isa = PBXBuildFile; fileRef = 832F07D923E3F22600BBA3C6 /* RawTests.swift */; };
		832F07EB23E3F22600BBA3C6 /* LiteralConvertibleTests.swift in Sources */ = {isa = PBXBuildFile; fileRef = 832F07DA23E3F22600BBA3C6 /* LiteralConvertibleTests.swift */; };
		832F07EC23E3F22600BBA3C6 /* MutabilityTests.swift in Sources */ = {isa = PBXBuildFile; fileRef = 832F07DB23E3F22600BBA3C6 /* MutabilityTests.swift */; };
		832F07ED23E3F22600BBA3C6 /* ArrayTests.swift in Sources */ = {isa = PBXBuildFile; fileRef = 832F07DC23E3F22600BBA3C6 /* ArrayTests.swift */; };
		832F07EE23E3F22600BBA3C6 /* ComparableTests.swift in Sources */ = {isa = PBXBuildFile; fileRef = 832F07DD23E3F22600BBA3C6 /* ComparableTests.swift */; };
		832F07EF23E3F22600BBA3C6 /* NestedJSONTests.swift in Sources */ = {isa = PBXBuildFile; fileRef = 832F07DE23E3F22600BBA3C6 /* NestedJSONTests.swift */; };
		832F07F223E3F27200BBA3C6 /* Tests.json in Resources */ = {isa = PBXBuildFile; fileRef = 832F07F123E3F27200BBA3C6 /* Tests.json */; };
		832F07F823E3F2E900BBA3C6 /* UICircularProgressRingPauseResetTests.swift in Sources */ = {isa = PBXBuildFile; fileRef = 832F07F423E3F2E800BBA3C6 /* UICircularProgressRingPauseResetTests.swift */; };
		832F07F923E3F2E900BBA3C6 /* ValueFormatterTests.swift in Sources */ = {isa = PBXBuildFile; fileRef = 832F07F523E3F2E800BBA3C6 /* ValueFormatterTests.swift */; };
		832F07FA23E3F2E900BBA3C6 /* UICircularTimerRingTests.swift in Sources */ = {isa = PBXBuildFile; fileRef = 832F07F623E3F2E900BBA3C6 /* UICircularTimerRingTests.swift */; };
		832F07FB23E3F2E900BBA3C6 /* UICircularProgressRingTests.swift in Sources */ = {isa = PBXBuildFile; fileRef = 832F07F723E3F2E900BBA3C6 /* UICircularProgressRingTests.swift */; };
		832F080423E3F35900BBA3C6 /* MQFTestsWithFrameworks.swift in Sources */ = {isa = PBXBuildFile; fileRef = 832F080323E3F35900BBA3C6 /* MQFTestsWithFrameworks.swift */; };
		837E02A923B136B000489C2A /* Quiz Kit LICENSE in Resources */ = {isa = PBXBuildFile; fileRef = 837E02A823B136B000489C2A /* Quiz Kit LICENSE */; };
		837E02AB23B136E000489C2A /* README.md in Resources */ = {isa = PBXBuildFile; fileRef = 837E02AA23B136E000489C2A /* README.md */; };
		838838D822A39303000896C6 /* pentagon.jpg in Resources */ = {isa = PBXBuildFile; fileRef = 838838D722A39303000896C6 /* pentagon.jpg */; };
		838838DA22A3993E000896C6 /* BG.png in Resources */ = {isa = PBXBuildFile; fileRef = 838838D922A3993E000896C6 /* BG.png */; };
		838DFFAC22F2A61B00B71F07 /* SetUpViewController.swift in Sources */ = {isa = PBXBuildFile; fileRef = 838DFFAB22F2A61B00B71F07 /* SetUpViewController.swift */; };
		83A9C70A2299BBEB00040119 /* AppDelegate.swift in Sources */ = {isa = PBXBuildFile; fileRef = 83A9C7092299BBEB00040119 /* AppDelegate.swift */; };
		83A9C7112299BBEB00040119 /* Main.storyboard in Resources */ = {isa = PBXBuildFile; fileRef = 83A9C70F2299BBEB00040119 /* Main.storyboard */; };
		83A9C7132299BBEC00040119 /* Assets.xcassets in Resources */ = {isa = PBXBuildFile; fileRef = 83A9C7122299BBEC00040119 /* Assets.xcassets */; };
		83A9C7162299BBEC00040119 /* LaunchScreen.storyboard in Resources */ = {isa = PBXBuildFile; fileRef = 83A9C7142299BBEC00040119 /* LaunchScreen.storyboard */; };
		83A9C7212299BBEC00040119 /* MQFTests.swift in Sources */ = {isa = PBXBuildFile; fileRef = 83A9C7202299BBEC00040119 /* MQFTests.swift */; };
		83A9C72C2299BBEC00040119 /* MQFUITests.swift in Sources */ = {isa = PBXBuildFile; fileRef = 83A9C72B2299BBEC00040119 /* MQFUITests.swift */; };
		83A9C7412299BE8B00040119 /* Array + Shuffled.swift in Sources */ = {isa = PBXBuildFile; fileRef = 83A9C73A2299BE8B00040119 /* Array + Shuffled.swift */; };
		83A9C7422299BE8B00040119 /* QKQuestionType.swift in Sources */ = {isa = PBXBuildFile; fileRef = 83A9C73B2299BE8B00040119 /* QKQuestionType.swift */; };
		83A9C7432299BE8B00040119 /* QKSessionDelegate.swift in Sources */ = {isa = PBXBuildFile; fileRef = 83A9C73C2299BE8B00040119 /* QKSessionDelegate.swift */; };
		83A9C7442299BE8B00040119 /* QKQuestion.swift in Sources */ = {isa = PBXBuildFile; fileRef = 83A9C73D2299BE8B00040119 /* QKQuestion.swift */; };
		83A9C7452299BE8B00040119 /* QKQuiz.swift in Sources */ = {isa = PBXBuildFile; fileRef = 83A9C73E2299BE8B00040119 /* QKQuiz.swift */; };
		83A9C7462299BE8B00040119 /* QKError.swift in Sources */ = {isa = PBXBuildFile; fileRef = 83A9C73F2299BE8B00040119 /* QKError.swift */; };
		83A9C7472299BE8B00040119 /* QKSession.swift in Sources */ = {isa = PBXBuildFile; fileRef = 83A9C7402299BE8B00040119 /* QKSession.swift */; };
		83A9C7492299BF9400040119 /* example-quiz.json in Resources */ = {isa = PBXBuildFile; fileRef = 83A9C7482299BF9400040119 /* example-quiz.json */; };
		83A9C74E229CA29800040119 /* QuestionCollectionViewController.swift in Sources */ = {isa = PBXBuildFile; fileRef = 83A9C74D229CA29800040119 /* QuestionCollectionViewController.swift */; };
		83A9C750229CA6F700040119 /* QuestionheaderCollectionReusableView.swift in Sources */ = {isa = PBXBuildFile; fileRef = 83A9C74F229CA6F700040119 /* QuestionheaderCollectionReusableView.swift */; };
		83A9C752229CAB3C00040119 /* QuestionAnswerCollectionViewCell.swift in Sources */ = {isa = PBXBuildFile; fileRef = 83A9C751229CAB3C00040119 /* QuestionAnswerCollectionViewCell.swift */; };
		83A9C754229DF0F600040119 /* QuestionFooterCollectionReusableView.swift in Sources */ = {isa = PBXBuildFile; fileRef = 83A9C753229DF0F600040119 /* QuestionFooterCollectionReusableView.swift */; };
		83A9C756229E297B00040119 /* MenuViewController.swift in Sources */ = {isa = PBXBuildFile; fileRef = 83A9C755229E297B00040119 /* MenuViewController.swift */; };
		83F607F322AB629500ED22E7 /* MQFPreset.swift in Sources */ = {isa = PBXBuildFile; fileRef = 83F607F222AB629500ED22E7 /* MQFPreset.swift */; };
		83F607F522AB661900ED22E7 /* MQFBase.swift in Sources */ = {isa = PBXBuildFile; fileRef = 83F607F422AB661900ED22E7 /* MQFBase.swift */; };
		83F607F822AC62BB00ED22E7 /* CenterAlignedCollectionViewFlowLayout.swift in Sources */ = {isa = PBXBuildFile; fileRef = 83F607F722AC62BB00ED22E7 /* CenterAlignedCollectionViewFlowLayout.swift */; };
		83F6CA222676A77E0089BA48 /* test-available.json in Resources */ = {isa = PBXBuildFile; fileRef = 83F6CA212676A77E0089BA48 /* test-available.json */; };
		9459DAC1E06B158BEB9C5D43 /* Pods_MQFTests.framework in Frameworks */ = {isa = PBXBuildFile; fileRef = 7FB01373C528EDCFF2764930 /* Pods_MQFTests.framework */; };
		FA3711CE32093488EFAAEC75 /* Pods_MQFUITests.framework in Frameworks */ = {isa = PBXBuildFile; fileRef = 411B243AAA9033CE7AB33D6F /* Pods_MQFUITests.framework */; };
		FDEF1FA8781DFA715ECDA4A2 /* Pods_MQF.framework in Frameworks */ = {isa = PBXBuildFile; fileRef = 64273BF3175D69449404DEFA /* Pods_MQF.framework */; };
/* End PBXBuildFile section */

/* Begin PBXContainerItemProxy section */
		832F080623E3F35900BBA3C6 /* PBXContainerItemProxy */ = {
			isa = PBXContainerItemProxy;
			containerPortal = 83A9C6FE2299BBEB00040119 /* Project object */;
			proxyType = 1;
			remoteGlobalIDString = 83A9C7052299BBEB00040119;
			remoteInfo = MQF;
		};
		83A9C71D2299BBEC00040119 /* PBXContainerItemProxy */ = {
			isa = PBXContainerItemProxy;
			containerPortal = 83A9C6FE2299BBEB00040119 /* Project object */;
			proxyType = 1;
			remoteGlobalIDString = 83A9C7052299BBEB00040119;
			remoteInfo = MQF;
		};
		83A9C7282299BBEC00040119 /* PBXContainerItemProxy */ = {
			isa = PBXContainerItemProxy;
			containerPortal = 83A9C6FE2299BBEB00040119 /* Project object */;
			proxyType = 1;
			remoteGlobalIDString = 83A9C7052299BBEB00040119;
			remoteInfo = MQF;
		};
/* End PBXContainerItemProxy section */

/* Begin PBXFileReference section */
		10449FA05393E175022739F3 /* Pods-MQF.release.xcconfig */ = {isa = PBXFileReference; includeInIndex = 1; lastKnownFileType = text.xcconfig; name = "Pods-MQF.release.xcconfig"; path = "Target Support Files/Pods-MQF/Pods-MQF.release.xcconfig"; sourceTree = "<group>"; };
		14894FABE21EF6A7C3102094 /* Pods-MQF.debug.xcconfig */ = {isa = PBXFileReference; includeInIndex = 1; lastKnownFileType = text.xcconfig; name = "Pods-MQF.debug.xcconfig"; path = "Target Support Files/Pods-MQF/Pods-MQF.debug.xcconfig"; sourceTree = "<group>"; };
		1ADB5FEC719D39F10AD18F13 /* Pods-MQFTests.release.xcconfig */ = {isa = PBXFileReference; includeInIndex = 1; lastKnownFileType = text.xcconfig; name = "Pods-MQFTests.release.xcconfig"; path = "Target Support Files/Pods-MQFTests/Pods-MQFTests.release.xcconfig"; sourceTree = "<group>"; };
		411B243AAA9033CE7AB33D6F /* Pods_MQFUITests.framework */ = {isa = PBXFileReference; explicitFileType = wrapper.framework; includeInIndex = 0; path = Pods_MQFUITests.framework; sourceTree = BUILT_PRODUCTS_DIR; };
		5DB7E8EFE5967B93980B6C50 /* Pods-MQFTests.debug.xcconfig */ = {isa = PBXFileReference; includeInIndex = 1; lastKnownFileType = text.xcconfig; name = "Pods-MQFTests.debug.xcconfig"; path = "Target Support Files/Pods-MQFTests/Pods-MQFTests.debug.xcconfig"; sourceTree = "<group>"; };
		64273BF3175D69449404DEFA /* Pods_MQF.framework */ = {isa = PBXFileReference; explicitFileType = wrapper.framework; includeInIndex = 0; path = Pods_MQF.framework; sourceTree = BUILT_PRODUCTS_DIR; };
		7FB01373C528EDCFF2764930 /* Pods_MQFTests.framework */ = {isa = PBXFileReference; explicitFileType = wrapper.framework; includeInIndex = 0; path = Pods_MQFTests.framework; sourceTree = BUILT_PRODUCTS_DIR; };
		8320217722A46B89003BBB8C /* ResultsTableViewController.swift */ = {isa = PBXFileReference; lastKnownFileType = sourcecode.swift; path = ResultsTableViewController.swift; sourceTree = "<group>"; };
		8320217922A47248003BBB8C /* SummaryTableViewCell.swift */ = {isa = PBXFileReference; lastKnownFileType = sourcecode.swift; path = SummaryTableViewCell.swift; sourceTree = "<group>"; };
		8320217B22A47253003BBB8C /* QuestionTableViewCell.swift */ = {isa = PBXFileReference; lastKnownFileType = sourcecode.swift; path = QuestionTableViewCell.swift; sourceTree = "<group>"; };
		8320218222A6F7DA003BBB8C /* GradientView.swift */ = {isa = PBXFileReference; lastKnownFileType = sourcecode.swift; path = GradientView.swift; sourceTree = "<group>"; };
		8320218522A71513003BBB8C /* SettingsViewController.swift */ = {isa = PBXFileReference; lastKnownFileType = sourcecode.swift; path = SettingsViewController.swift; sourceTree = "<group>"; };
		8320218822A775E2003BBB8C /* extensions.swift */ = {isa = PBXFileReference; lastKnownFileType = sourcecode.swift; path = extensions.swift; sourceTree = "<group>"; };
		8320218A22A7800C003BBB8C /* BorderedButton.swift */ = {isa = PBXFileReference; lastKnownFileType = sourcecode.swift; path = BorderedButton.swift; sourceTree = "<group>"; };
		8320218C22A78FF1003BBB8C /* MQF.entitlements */ = {isa = PBXFileReference; lastKnownFileType = text.plist.entitlements; path = MQF.entitlements; sourceTree = "<group>"; };
		8320218D22A8090C003BBB8C /* MQFDefaults.swift */ = {isa = PBXFileReference; lastKnownFileType = sourcecode.swift; path = MQFDefaults.swift; sourceTree = "<group>"; };
		8320218F22A81904003BBB8C /* DataManager.swift */ = {isa = PBXFileReference; lastKnownFileType = sourcecode.swift; path = DataManager.swift; sourceTree = "<group>"; };
		8320219122A81A8D003BBB8C /* MQFData.swift */ = {isa = PBXFileReference; lastKnownFileType = sourcecode.swift; path = MQFData.swift; sourceTree = "<group>"; };
		8320219322AB2FF0003BBB8C /* ChooseMQFViewController.swift */ = {isa = PBXFileReference; lastKnownFileType = sourcecode.swift; path = ChooseMQFViewController.swift; sourceTree = "<group>"; };
		8326A3F423DE563B009B2934 /* test-c17-ILM-May18.json */ = {isa = PBXFileReference; fileEncoding = 4; lastKnownFileType = text.json; path = "test-c17-ILM-May18.json"; sourceTree = "<group>"; };
		8326A3F523DE563B009B2934 /* test-c17-LM-May18.json */ = {isa = PBXFileReference; fileEncoding = 4; lastKnownFileType = text.json; path = "test-c17-LM-May18.json"; sourceTree = "<group>"; };
		8326A3F623DE563B009B2934 /* test-c17-Pilot-1nov.json */ = {isa = PBXFileReference; fileEncoding = 4; lastKnownFileType = text.json; path = "test-c17-Pilot-1nov.json"; sourceTree = "<group>"; };
		8326A3F723DE563B009B2934 /* test-c17-Pilot-AD-1nov.json */ = {isa = PBXFileReference; fileEncoding = 4; lastKnownFileType = text.json; path = "test-c17-Pilot-AD-1nov.json"; sourceTree = "<group>"; };
		8326A3F823DE563B009B2934 /* test-c17-Pilot-IP-1nov.json */ = {isa = PBXFileReference; fileEncoding = 4; lastKnownFileType = text.json; path = "test-c17-Pilot-IP-1nov.json"; sourceTree = "<group>"; };
		8326A3F923DE563B009B2934 /* test-c17-KCHS-Pilot.json */ = {isa = PBXFileReference; fileEncoding = 4; lastKnownFileType = text.json; path = "test-c17-KCHS-Pilot.json"; sourceTree = "<group>"; };
		8326A3FA23DE563B009B2934 /* test-c17-LM.json */ = {isa = PBXFileReference; fileEncoding = 4; lastKnownFileType = text.json; path = "test-c17-LM.json"; sourceTree = "<group>"; };
		8326A3FC23DE563B009B2934 /* test-c17-LM-AD-May18.json */ = {isa = PBXFileReference; fileEncoding = 4; lastKnownFileType = text.json; path = "test-c17-LM-AD-May18.json"; sourceTree = "<group>"; };
		8326A3FD23DE563B009B2934 /* test-c17-ILM.json */ = {isa = PBXFileReference; fileEncoding = 4; lastKnownFileType = text.json; path = "test-c17-ILM.json"; sourceTree = "<group>"; };
		8326A3FF23DE563B009B2934 /* test-c17-LM-AD.json */ = {isa = PBXFileReference; fileEncoding = 4; lastKnownFileType = text.json; path = "test-c17-LM-AD.json"; sourceTree = "<group>"; };
		8326A40C23DE56DA009B2934 /* PROD-Data.md */ = {isa = PBXFileReference; lastKnownFileType = net.daringfireball.markdown; path = "PROD-Data.md"; sourceTree = "<group>"; };
		832F079E23E2865600BBA3C6 /* QKQuestion.swift */ = {isa = PBXFileReference; lastKnownFileType = sourcecode.swift; path = QKQuestion.swift; sourceTree = "<group>"; };
		832F07A023E287C700BBA3C6 /* MQFBaseTests.swift */ = {isa = PBXFileReference; lastKnownFileType = sourcecode.swift; path = MQFBaseTests.swift; sourceTree = "<group>"; };
		832F07A223E2899E00BBA3C6 /* DataManagerTests.swift */ = {isa = PBXFileReference; lastKnownFileType = sourcecode.swift; path = DataManagerTests.swift; sourceTree = "<group>"; };
		832F07A423E3297300BBA3C6 /* QKSessionTests.swift */ = {isa = PBXFileReference; lastKnownFileType = sourcecode.swift; path = QKSessionTests.swift; sourceTree = "<group>"; };
		832F07AC23E3F05800BBA3C6 /* OperatorsTest.swift */ = {isa = PBXFileReference; fileEncoding = 4; lastKnownFileType = sourcecode.swift; path = OperatorsTest.swift; sourceTree = "<group>"; };
		832F07AD23E3F05800BBA3C6 /* FormValuesTests.swift */ = {isa = PBXFileReference; fileEncoding = 4; lastKnownFileType = sourcecode.swift; path = FormValuesTests.swift; sourceTree = "<group>"; };
		832F07AE23E3F05800BBA3C6 /* DateTests.swift */ = {isa = PBXFileReference; fileEncoding = 4; lastKnownFileType = sourcecode.swift; path = DateTests.swift; sourceTree = "<group>"; };
		832F07AF23E3F05800BBA3C6 /* HiddenRowsTests.swift */ = {isa = PBXFileReference; fileEncoding = 4; lastKnownFileType = sourcecode.swift; path = HiddenRowsTests.swift; sourceTree = "<group>"; };
		832F07B023E3F05800BBA3C6 /* SetValuesTests.swift */ = {isa = PBXFileReference; fileEncoding = 4; lastKnownFileType = sourcecode.swift; path = SetValuesTests.swift; sourceTree = "<group>"; };
		832F07B123E3F05800BBA3C6 /* BaseEurekaTests.swift */ = {isa = PBXFileReference; fileEncoding = 4; lastKnownFileType = sourcecode.swift; path = BaseEurekaTests.swift; sourceTree = "<group>"; };
		832F07B223E3F05800BBA3C6 /* HelperMethodTests.swift */ = {isa = PBXFileReference; fileEncoding = 4; lastKnownFileType = sourcecode.swift; path = HelperMethodTests.swift; sourceTree = "<group>"; };
		832F07B323E3F05800BBA3C6 /* RowByTagTests.swift */ = {isa = PBXFileReference; fileEncoding = 4; lastKnownFileType = sourcecode.swift; path = RowByTagTests.swift; sourceTree = "<group>"; };
		832F07B423E3F05900BBA3C6 /* CollectionTests.swift */ = {isa = PBXFileReference; fileEncoding = 4; lastKnownFileType = sourcecode.swift; path = CollectionTests.swift; sourceTree = "<group>"; };
		832F07B523E3F05900BBA3C6 /* RowCallbackTests.swift */ = {isa = PBXFileReference; fileEncoding = 4; lastKnownFileType = sourcecode.swift; path = RowCallbackTests.swift; sourceTree = "<group>"; };
		832F07B623E3F05900BBA3C6 /* SelectableSectionTests.swift */ = {isa = PBXFileReference; fileEncoding = 4; lastKnownFileType = sourcecode.swift; path = SelectableSectionTests.swift; sourceTree = "<group>"; };
		832F07B723E3F05900BBA3C6 /* SectionsInsertionTests.swift */ = {isa = PBXFileReference; fileEncoding = 4; lastKnownFileType = sourcecode.swift; path = SectionsInsertionTests.swift; sourceTree = "<group>"; };
		832F07B823E3F05900BBA3C6 /* RowsInsertionTests.swift */ = {isa = PBXFileReference; fileEncoding = 4; lastKnownFileType = sourcecode.swift; path = RowsInsertionTests.swift; sourceTree = "<group>"; };
		832F07B923E3F05900BBA3C6 /* ValidationsTests.swift */ = {isa = PBXFileReference; fileEncoding = 4; lastKnownFileType = sourcecode.swift; path = ValidationsTests.swift; sourceTree = "<group>"; };
		832F07BA23E3F05900BBA3C6 /* CallbacksTests.swift */ = {isa = PBXFileReference; fileEncoding = 4; lastKnownFileType = sourcecode.swift; path = CallbacksTests.swift; sourceTree = "<group>"; };
		832F07BB23E3F05900BBA3C6 /* MultivaluedSectionTests.swift */ = {isa = PBXFileReference; fileEncoding = 4; lastKnownFileType = sourcecode.swift; path = MultivaluedSectionTests.swift; sourceTree = "<group>"; };
		832F07CE23E3F22500BBA3C6 /* MergeTests.swift */ = {isa = PBXFileReference; fileEncoding = 4; lastKnownFileType = sourcecode.swift; path = MergeTests.swift; sourceTree = "<group>"; };
		832F07CF23E3F22500BBA3C6 /* PerformanceTests.swift */ = {isa = PBXFileReference; fileEncoding = 4; lastKnownFileType = sourcecode.swift; path = PerformanceTests.swift; sourceTree = "<group>"; };
		832F07D023E3F22500BBA3C6 /* SubscriptTests.swift */ = {isa = PBXFileReference; fileEncoding = 4; lastKnownFileType = sourcecode.swift; path = SubscriptTests.swift; sourceTree = "<group>"; };
		832F07D123E3F22500BBA3C6 /* NumberTests.swift */ = {isa = PBXFileReference; fileEncoding = 4; lastKnownFileType = sourcecode.swift; path = NumberTests.swift; sourceTree = "<group>"; };
		832F07D223E3F22500BBA3C6 /* BaseTests.swift */ = {isa = PBXFileReference; fileEncoding = 4; lastKnownFileType = sourcecode.swift; path = BaseTests.swift; sourceTree = "<group>"; };
		832F07D323E3F22500BBA3C6 /* DictionaryTests.swift */ = {isa = PBXFileReference; fileEncoding = 4; lastKnownFileType = sourcecode.swift; path = DictionaryTests.swift; sourceTree = "<group>"; };
		832F07D423E3F22500BBA3C6 /* CodableTests.swift */ = {isa = PBXFileReference; fileEncoding = 4; lastKnownFileType = sourcecode.swift; path = CodableTests.swift; sourceTree = "<group>"; };
		832F07D523E3F22500BBA3C6 /* SequenceTypeTests.swift */ = {isa = PBXFileReference; fileEncoding = 4; lastKnownFileType = sourcecode.swift; path = SequenceTypeTests.swift; sourceTree = "<group>"; };
		832F07D623E3F22600BBA3C6 /* StringTests.swift */ = {isa = PBXFileReference; fileEncoding = 4; lastKnownFileType = sourcecode.swift; path = StringTests.swift; sourceTree = "<group>"; };
		832F07D723E3F22600BBA3C6 /* RawRepresentableTests.swift */ = {isa = PBXFileReference; fileEncoding = 4; lastKnownFileType = sourcecode.swift; path = RawRepresentableTests.swift; sourceTree = "<group>"; };
		832F07D823E3F22600BBA3C6 /* PrintableTests.swift */ = {isa = PBXFileReference; fileEncoding = 4; lastKnownFileType = sourcecode.swift; path = PrintableTests.swift; sourceTree = "<group>"; };
		832F07D923E3F22600BBA3C6 /* RawTests.swift */ = {isa = PBXFileReference; fileEncoding = 4; lastKnownFileType = sourcecode.swift; path = RawTests.swift; sourceTree = "<group>"; };
		832F07DA23E3F22600BBA3C6 /* LiteralConvertibleTests.swift */ = {isa = PBXFileReference; fileEncoding = 4; lastKnownFileType = sourcecode.swift; path = LiteralConvertibleTests.swift; sourceTree = "<group>"; };
		832F07DB23E3F22600BBA3C6 /* MutabilityTests.swift */ = {isa = PBXFileReference; fileEncoding = 4; lastKnownFileType = sourcecode.swift; path = MutabilityTests.swift; sourceTree = "<group>"; };
		832F07DC23E3F22600BBA3C6 /* ArrayTests.swift */ = {isa = PBXFileReference; fileEncoding = 4; lastKnownFileType = sourcecode.swift; path = ArrayTests.swift; sourceTree = "<group>"; };
		832F07DD23E3F22600BBA3C6 /* ComparableTests.swift */ = {isa = PBXFileReference; fileEncoding = 4; lastKnownFileType = sourcecode.swift; path = ComparableTests.swift; sourceTree = "<group>"; };
		832F07DE23E3F22600BBA3C6 /* NestedJSONTests.swift */ = {isa = PBXFileReference; fileEncoding = 4; lastKnownFileType = sourcecode.swift; path = NestedJSONTests.swift; sourceTree = "<group>"; };
		832F07F123E3F27200BBA3C6 /* Tests.json */ = {isa = PBXFileReference; fileEncoding = 4; lastKnownFileType = text.json; path = Tests.json; sourceTree = "<group>"; };
		832F07F423E3F2E800BBA3C6 /* UICircularProgressRingPauseResetTests.swift */ = {isa = PBXFileReference; fileEncoding = 4; lastKnownFileType = sourcecode.swift; path = UICircularProgressRingPauseResetTests.swift; sourceTree = "<group>"; };
		832F07F523E3F2E800BBA3C6 /* ValueFormatterTests.swift */ = {isa = PBXFileReference; fileEncoding = 4; lastKnownFileType = sourcecode.swift; path = ValueFormatterTests.swift; sourceTree = "<group>"; };
		832F07F623E3F2E900BBA3C6 /* UICircularTimerRingTests.swift */ = {isa = PBXFileReference; fileEncoding = 4; lastKnownFileType = sourcecode.swift; path = UICircularTimerRingTests.swift; sourceTree = "<group>"; };
		832F07F723E3F2E900BBA3C6 /* UICircularProgressRingTests.swift */ = {isa = PBXFileReference; fileEncoding = 4; lastKnownFileType = sourcecode.swift; path = UICircularProgressRingTests.swift; sourceTree = "<group>"; };
		832F07FC23E3F31D00BBA3C6 /* MQFOnly.xctestplan */ = {isa = PBXFileReference; lastKnownFileType = text; name = MQFOnly.xctestplan; path = MQFTests/MQFOnly.xctestplan; sourceTree = SOURCE_ROOT; };
		832F080123E3F35900BBA3C6 /* MQFTestsWithFrameworks.xctest */ = {isa = PBXFileReference; explicitFileType = wrapper.cfbundle; includeInIndex = 0; path = MQFTestsWithFrameworks.xctest; sourceTree = BUILT_PRODUCTS_DIR; };
		832F080323E3F35900BBA3C6 /* MQFTestsWithFrameworks.swift */ = {isa = PBXFileReference; lastKnownFileType = sourcecode.swift; path = MQFTestsWithFrameworks.swift; sourceTree = "<group>"; };
		832F080523E3F35900BBA3C6 /* Info.plist */ = {isa = PBXFileReference; lastKnownFileType = text.plist.xml; path = Info.plist; sourceTree = "<group>"; };
		8378DECB23B55AC00031579A /* available.json */ = {isa = PBXFileReference; lastKnownFileType = text.json; path = available.json; sourceTree = "<group>"; };
		837E02A823B136B000489C2A /* Quiz Kit LICENSE */ = {isa = PBXFileReference; fileEncoding = 4; lastKnownFileType = text; path = "Quiz Kit LICENSE"; sourceTree = "<group>"; };
		837E02AA23B136E000489C2A /* README.md */ = {isa = PBXFileReference; fileEncoding = 4; lastKnownFileType = net.daringfireball.markdown; path = README.md; sourceTree = "<group>"; };
		837E02AC23B13F6900489C2A /* INTENT.md */ = {isa = PBXFileReference; lastKnownFileType = net.daringfireball.markdown; path = INTENT.md; sourceTree = "<group>"; };
		837E02AD23B13F9D00489C2A /* LICENSE.md */ = {isa = PBXFileReference; lastKnownFileType = net.daringfireball.markdown; path = LICENSE.md; sourceTree = "<group>"; };
		837E02AE23B1419100489C2A /* README.md */ = {isa = PBXFileReference; fileEncoding = 4; lastKnownFileType = net.daringfireball.markdown; path = README.md; sourceTree = "<group>"; };
		838838D722A39303000896C6 /* pentagon.jpg */ = {isa = PBXFileReference; lastKnownFileType = image.jpeg; path = pentagon.jpg; sourceTree = "<group>"; };
		838838D922A3993E000896C6 /* BG.png */ = {isa = PBXFileReference; lastKnownFileType = image.png; path = BG.png; sourceTree = "<group>"; };
		838DFFAB22F2A61B00B71F07 /* SetUpViewController.swift */ = {isa = PBXFileReference; lastKnownFileType = sourcecode.swift; path = SetUpViewController.swift; sourceTree = "<group>"; };
		83A9C7062299BBEB00040119 /* MQF.app */ = {isa = PBXFileReference; explicitFileType = wrapper.application; includeInIndex = 0; path = MQF.app; sourceTree = BUILT_PRODUCTS_DIR; };
		83A9C7092299BBEB00040119 /* AppDelegate.swift */ = {isa = PBXFileReference; lastKnownFileType = sourcecode.swift; path = AppDelegate.swift; sourceTree = "<group>"; };
		83A9C7102299BBEB00040119 /* Base */ = {isa = PBXFileReference; lastKnownFileType = file.storyboard; name = Base; path = Base.lproj/Main.storyboard; sourceTree = "<group>"; };
		83A9C7122299BBEC00040119 /* Assets.xcassets */ = {isa = PBXFileReference; lastKnownFileType = folder.assetcatalog; path = Assets.xcassets; sourceTree = "<group>"; };
		83A9C7152299BBEC00040119 /* Base */ = {isa = PBXFileReference; lastKnownFileType = file.storyboard; name = Base; path = Base.lproj/LaunchScreen.storyboard; sourceTree = "<group>"; };
		83A9C7172299BBEC00040119 /* Info.plist */ = {isa = PBXFileReference; lastKnownFileType = text.plist.xml; path = Info.plist; sourceTree = "<group>"; };
		83A9C71C2299BBEC00040119 /* MQFTests.xctest */ = {isa = PBXFileReference; explicitFileType = wrapper.cfbundle; includeInIndex = 0; path = MQFTests.xctest; sourceTree = BUILT_PRODUCTS_DIR; };
		83A9C7202299BBEC00040119 /* MQFTests.swift */ = {isa = PBXFileReference; lastKnownFileType = sourcecode.swift; path = MQFTests.swift; sourceTree = "<group>"; };
		83A9C7222299BBEC00040119 /* Info.plist */ = {isa = PBXFileReference; lastKnownFileType = text.plist.xml; path = Info.plist; sourceTree = "<group>"; };
		83A9C7272299BBEC00040119 /* MQFUITests.xctest */ = {isa = PBXFileReference; explicitFileType = wrapper.cfbundle; includeInIndex = 0; path = MQFUITests.xctest; sourceTree = BUILT_PRODUCTS_DIR; };
		83A9C72B2299BBEC00040119 /* MQFUITests.swift */ = {isa = PBXFileReference; lastKnownFileType = sourcecode.swift; path = MQFUITests.swift; sourceTree = "<group>"; };
		83A9C72D2299BBEC00040119 /* Info.plist */ = {isa = PBXFileReference; lastKnownFileType = text.plist.xml; path = Info.plist; sourceTree = "<group>"; };
		83A9C73A2299BE8B00040119 /* Array + Shuffled.swift */ = {isa = PBXFileReference; fileEncoding = 4; lastKnownFileType = sourcecode.swift; path = "Array + Shuffled.swift"; sourceTree = "<group>"; };
		83A9C73B2299BE8B00040119 /* QKQuestionType.swift */ = {isa = PBXFileReference; fileEncoding = 4; lastKnownFileType = sourcecode.swift; path = QKQuestionType.swift; sourceTree = "<group>"; };
		83A9C73C2299BE8B00040119 /* QKSessionDelegate.swift */ = {isa = PBXFileReference; fileEncoding = 4; lastKnownFileType = sourcecode.swift; path = QKSessionDelegate.swift; sourceTree = "<group>"; };
		83A9C73D2299BE8B00040119 /* QKQuestion.swift */ = {isa = PBXFileReference; fileEncoding = 4; lastKnownFileType = sourcecode.swift; path = QKQuestion.swift; sourceTree = "<group>"; };
		83A9C73E2299BE8B00040119 /* QKQuiz.swift */ = {isa = PBXFileReference; fileEncoding = 4; lastKnownFileType = sourcecode.swift; path = QKQuiz.swift; sourceTree = "<group>"; };
		83A9C73F2299BE8B00040119 /* QKError.swift */ = {isa = PBXFileReference; fileEncoding = 4; lastKnownFileType = sourcecode.swift; path = QKError.swift; sourceTree = "<group>"; };
		83A9C7402299BE8B00040119 /* QKSession.swift */ = {isa = PBXFileReference; fileEncoding = 4; lastKnownFileType = sourcecode.swift; path = QKSession.swift; sourceTree = "<group>"; };
		83A9C7482299BF9400040119 /* example-quiz.json */ = {isa = PBXFileReference; fileEncoding = 4; lastKnownFileType = text.json; path = "example-quiz.json"; sourceTree = "<group>"; };
		83A9C74D229CA29800040119 /* QuestionCollectionViewController.swift */ = {isa = PBXFileReference; lastKnownFileType = sourcecode.swift; path = QuestionCollectionViewController.swift; sourceTree = "<group>"; };
		83A9C74F229CA6F700040119 /* QuestionheaderCollectionReusableView.swift */ = {isa = PBXFileReference; lastKnownFileType = sourcecode.swift; path = QuestionheaderCollectionReusableView.swift; sourceTree = "<group>"; };
		83A9C751229CAB3C00040119 /* QuestionAnswerCollectionViewCell.swift */ = {isa = PBXFileReference; lastKnownFileType = sourcecode.swift; path = QuestionAnswerCollectionViewCell.swift; sourceTree = "<group>"; };
		83A9C753229DF0F600040119 /* QuestionFooterCollectionReusableView.swift */ = {isa = PBXFileReference; lastKnownFileType = sourcecode.swift; path = QuestionFooterCollectionReusableView.swift; sourceTree = "<group>"; };
		83A9C755229E297B00040119 /* MenuViewController.swift */ = {isa = PBXFileReference; lastKnownFileType = sourcecode.swift; path = MenuViewController.swift; sourceTree = "<group>"; };
		83F607F222AB629500ED22E7 /* MQFPreset.swift */ = {isa = PBXFileReference; lastKnownFileType = sourcecode.swift; path = MQFPreset.swift; sourceTree = "<group>"; };
		83F607F422AB661900ED22E7 /* MQFBase.swift */ = {isa = PBXFileReference; lastKnownFileType = sourcecode.swift; path = MQFBase.swift; sourceTree = "<group>"; };
		83F607F722AC62BB00ED22E7 /* CenterAlignedCollectionViewFlowLayout.swift */ = {isa = PBXFileReference; lastKnownFileType = sourcecode.swift; path = CenterAlignedCollectionViewFlowLayout.swift; sourceTree = "<group>"; };
		83F6CA212676A77E0089BA48 /* test-available.json */ = {isa = PBXFileReference; fileEncoding = 4; lastKnownFileType = text.json; path = "test-available.json"; sourceTree = "<group>"; };
		B8DE0DEDA7979F157C7D9A5E /* Pods-MQFUITests.release.xcconfig */ = {isa = PBXFileReference; includeInIndex = 1; lastKnownFileType = text.xcconfig; name = "Pods-MQFUITests.release.xcconfig"; path = "Target Support Files/Pods-MQFUITests/Pods-MQFUITests.release.xcconfig"; sourceTree = "<group>"; };
		C68176D8A4D27345666C52E7 /* Pods-MQFUITests.debug.xcconfig */ = {isa = PBXFileReference; includeInIndex = 1; lastKnownFileType = text.xcconfig; name = "Pods-MQFUITests.debug.xcconfig"; path = "Target Support Files/Pods-MQFUITests/Pods-MQFUITests.debug.xcconfig"; sourceTree = "<group>"; };
/* End PBXFileReference section */

/* Begin PBXFrameworksBuildPhase section */
		832F07FE23E3F35900BBA3C6 /* Frameworks */ = {
			isa = PBXFrameworksBuildPhase;
			buildActionMask = 2147483647;
			files = (
			);
			runOnlyForDeploymentPostprocessing = 0;
		};
		83A9C7032299BBEB00040119 /* Frameworks */ = {
			isa = PBXFrameworksBuildPhase;
			buildActionMask = 2147483647;
			files = (
				FDEF1FA8781DFA715ECDA4A2 /* Pods_MQF.framework in Frameworks */,
			);
			runOnlyForDeploymentPostprocessing = 0;
		};
		83A9C7192299BBEC00040119 /* Frameworks */ = {
			isa = PBXFrameworksBuildPhase;
			buildActionMask = 2147483647;
			files = (
				9459DAC1E06B158BEB9C5D43 /* Pods_MQFTests.framework in Frameworks */,
			);
			runOnlyForDeploymentPostprocessing = 0;
		};
		83A9C7242299BBEC00040119 /* Frameworks */ = {
			isa = PBXFrameworksBuildPhase;
			buildActionMask = 2147483647;
			files = (
				FA3711CE32093488EFAAEC75 /* Pods_MQFUITests.framework in Frameworks */,
			);
			runOnlyForDeploymentPostprocessing = 0;
		};
/* End PBXFrameworksBuildPhase section */

/* Begin PBXGroup section */
		0E8AD2BB27F41EAD77A9EBA4 /* Pods */ = {
			isa = PBXGroup;
			children = (
				14894FABE21EF6A7C3102094 /* Pods-MQF.debug.xcconfig */,
				10449FA05393E175022739F3 /* Pods-MQF.release.xcconfig */,
				5DB7E8EFE5967B93980B6C50 /* Pods-MQFTests.debug.xcconfig */,
				1ADB5FEC719D39F10AD18F13 /* Pods-MQFTests.release.xcconfig */,
				C68176D8A4D27345666C52E7 /* Pods-MQFUITests.debug.xcconfig */,
				B8DE0DEDA7979F157C7D9A5E /* Pods-MQFUITests.release.xcconfig */,
			);
			path = Pods;
			sourceTree = "<group>";
		};
		8320217622A46B7A003BBB8C /* Results View */ = {
			isa = PBXGroup;
			children = (
				8320217722A46B89003BBB8C /* ResultsTableViewController.swift */,
				8320217922A47248003BBB8C /* SummaryTableViewCell.swift */,
				8320217B22A47253003BBB8C /* QuestionTableViewCell.swift */,
			);
			path = "Results View";
			sourceTree = "<group>";
		};
		8320218422A714FD003BBB8C /* Settings View */ = {
			isa = PBXGroup;
			children = (
				8320218522A71513003BBB8C /* SettingsViewController.swift */,
				8320219322AB2FF0003BBB8C /* ChooseMQFViewController.swift */,
				838DFFAB22F2A61B00B71F07 /* SetUpViewController.swift */,
			);
			path = "Settings View";
			sourceTree = "<group>";
		};
		8320218722A775D5003BBB8C /* Extensions and Helpers */ = {
			isa = PBXGroup;
			children = (
				8320218822A775E2003BBB8C /* extensions.swift */,
				8320218A22A7800C003BBB8C /* BorderedButton.swift */,
				8320218D22A8090C003BBB8C /* MQFDefaults.swift */,
				8320218F22A81904003BBB8C /* DataManager.swift */,
				8320219122A81A8D003BBB8C /* MQFData.swift */,
				83F607F222AB629500ED22E7 /* MQFPreset.swift */,
				83F607F422AB661900ED22E7 /* MQFBase.swift */,
			);
			path = "Extensions and Helpers";
			sourceTree = "<group>";
		};
		832F07AB23E3F04000BBA3C6 /* Eureka */ = {
			isa = PBXGroup;
			children = (
				832F07B123E3F05800BBA3C6 /* BaseEurekaTests.swift */,
				832F07BA23E3F05900BBA3C6 /* CallbacksTests.swift */,
				832F07B423E3F05900BBA3C6 /* CollectionTests.swift */,
				832F07AE23E3F05800BBA3C6 /* DateTests.swift */,
				832F07AD23E3F05800BBA3C6 /* FormValuesTests.swift */,
				832F07B223E3F05800BBA3C6 /* HelperMethodTests.swift */,
				832F07AF23E3F05800BBA3C6 /* HiddenRowsTests.swift */,
				832F07BB23E3F05900BBA3C6 /* MultivaluedSectionTests.swift */,
				832F07AC23E3F05800BBA3C6 /* OperatorsTest.swift */,
				832F07B323E3F05800BBA3C6 /* RowByTagTests.swift */,
				832F07B523E3F05900BBA3C6 /* RowCallbackTests.swift */,
				832F07B823E3F05900BBA3C6 /* RowsInsertionTests.swift */,
				832F07B723E3F05900BBA3C6 /* SectionsInsertionTests.swift */,
				832F07B623E3F05900BBA3C6 /* SelectableSectionTests.swift */,
				832F07B023E3F05800BBA3C6 /* SetValuesTests.swift */,
				832F07B923E3F05900BBA3C6 /* ValidationsTests.swift */,
			);
			path = Eureka;
			sourceTree = "<group>";
		};
		832F07CD23E3F21200BBA3C6 /* SwiftJSON */ = {
			isa = PBXGroup;
			children = (
				832F07FC23E3F31D00BBA3C6 /* MQFOnly.xctestplan */,
				832F07F023E3F27200BBA3C6 /* Tes */,
				832F07DC23E3F22600BBA3C6 /* ArrayTests.swift */,
				832F07D223E3F22500BBA3C6 /* BaseTests.swift */,
				832F07D423E3F22500BBA3C6 /* CodableTests.swift */,
				832F07DD23E3F22600BBA3C6 /* ComparableTests.swift */,
				832F07D323E3F22500BBA3C6 /* DictionaryTests.swift */,
				832F07DA23E3F22600BBA3C6 /* LiteralConvertibleTests.swift */,
				832F07CE23E3F22500BBA3C6 /* MergeTests.swift */,
				832F07DB23E3F22600BBA3C6 /* MutabilityTests.swift */,
				832F07DE23E3F22600BBA3C6 /* NestedJSONTests.swift */,
				832F07D123E3F22500BBA3C6 /* NumberTests.swift */,
				832F07CF23E3F22500BBA3C6 /* PerformanceTests.swift */,
				832F07D823E3F22600BBA3C6 /* PrintableTests.swift */,
				832F07D723E3F22600BBA3C6 /* RawRepresentableTests.swift */,
				832F07D923E3F22600BBA3C6 /* RawTests.swift */,
				832F07D523E3F22500BBA3C6 /* SequenceTypeTests.swift */,
				832F07D623E3F22600BBA3C6 /* StringTests.swift */,
				832F07D023E3F22500BBA3C6 /* SubscriptTests.swift */,
			);
			path = SwiftJSON;
			sourceTree = "<group>";
		};
		832F07F023E3F27200BBA3C6 /* Tes */ = {
			isa = PBXGroup;
			children = (
				832F07F123E3F27200BBA3C6 /* Tests.json */,
			);
			path = Tes;
			sourceTree = "<group>";
		};
		832F07F323E3F2D300BBA3C6 /* UICircularProgressRing */ = {
			isa = PBXGroup;
			children = (
				832F07F423E3F2E800BBA3C6 /* UICircularProgressRingPauseResetTests.swift */,
				832F07F723E3F2E900BBA3C6 /* UICircularProgressRingTests.swift */,
				832F07F623E3F2E900BBA3C6 /* UICircularTimerRingTests.swift */,
				832F07F523E3F2E800BBA3C6 /* ValueFormatterTests.swift */,
			);
			path = UICircularProgressRing;
			sourceTree = "<group>";
		};
		832F080223E3F35900BBA3C6 /* MQFTestsWithFrameworks */ = {
			isa = PBXGroup;
			children = (
				832F07F323E3F2D300BBA3C6 /* UICircularProgressRing */,
				832F07CD23E3F21200BBA3C6 /* SwiftJSON */,
				832F07AB23E3F04000BBA3C6 /* Eureka */,
				832F080323E3F35900BBA3C6 /* MQFTestsWithFrameworks.swift */,
				832F080523E3F35900BBA3C6 /* Info.plist */,
			);
			path = MQFTestsWithFrameworks;
			sourceTree = "<group>";
		};
		8378DECA23B55A940031579A /* Test JSON Data */ = {
			isa = PBXGroup;
			children = (
				8326A40C23DE56DA009B2934 /* PROD-Data.md */,
				8326A3F423DE563B009B2934 /* test-c17-ILM-May18.json */,
				8326A3FD23DE563B009B2934 /* test-c17-ILM.json */,
				8326A3F923DE563B009B2934 /* test-c17-KCHS-Pilot.json */,
				8326A3FC23DE563B009B2934 /* test-c17-LM-AD-May18.json */,
				8326A3FF23DE563B009B2934 /* test-c17-LM-AD.json */,
				8326A3F523DE563B009B2934 /* test-c17-LM-May18.json */,
				83F6CA212676A77E0089BA48 /* test-available.json */,
				8326A3FA23DE563B009B2934 /* test-c17-LM.json */,
				8326A3F623DE563B009B2934 /* test-c17-Pilot-1nov.json */,
				8326A3F723DE563B009B2934 /* test-c17-Pilot-AD-1nov.json */,
				8326A3F823DE563B009B2934 /* test-c17-Pilot-IP-1nov.json */,
				8378DECB23B55AC00031579A /* available.json */,
			);
			path = "Test JSON Data";
			sourceTree = "<group>";
		};
		83A9C6FD2299BBEB00040119 = {
			isa = PBXGroup;
			children = (
				837E02AD23B13F9D00489C2A /* LICENSE.md */,
				837E02AC23B13F6900489C2A /* INTENT.md */,
				837E02AE23B1419100489C2A /* README.md */,
				83A9C7082299BBEB00040119 /* MQF */,
				83A9C71F2299BBEC00040119 /* MQFTests */,
				83A9C72A2299BBEC00040119 /* MQFUITests */,
				832F080223E3F35900BBA3C6 /* MQFTestsWithFrameworks */,
				83A9C7072299BBEB00040119 /* Products */,
				0E8AD2BB27F41EAD77A9EBA4 /* Pods */,
				C33DF7AA129BF7F751701D53 /* Frameworks */,
			);
			sourceTree = "<group>";
		};
		83A9C7072299BBEB00040119 /* Products */ = {
			isa = PBXGroup;
			children = (
				83A9C7062299BBEB00040119 /* MQF.app */,
				83A9C71C2299BBEC00040119 /* MQFTests.xctest */,
				83A9C7272299BBEC00040119 /* MQFUITests.xctest */,
				832F080123E3F35900BBA3C6 /* MQFTestsWithFrameworks.xctest */,
			);
			name = Products;
			sourceTree = "<group>";
		};
		83A9C7082299BBEB00040119 /* MQF */ = {
			isa = PBXGroup;
			children = (
				8320218C22A78FF1003BBB8C /* MQF.entitlements */,
				8320218722A775D5003BBB8C /* Extensions and Helpers */,
				8378DECA23B55A940031579A /* Test JSON Data */,
				8320218422A714FD003BBB8C /* Settings View */,
				8320217622A46B7A003BBB8C /* Results View */,
				83A9C74C229CA27C00040119 /* Question View */,
				83A9C7392299BE7A00040119 /* QuizKit */,
				83A9C7092299BBEB00040119 /* AppDelegate.swift */,
				83A9C755229E297B00040119 /* MenuViewController.swift */,
				83A9C7122299BBEC00040119 /* Assets.xcassets */,
				83A9C70F2299BBEB00040119 /* Main.storyboard */,
				83A9C7142299BBEC00040119 /* LaunchScreen.storyboard */,
				83A9C7172299BBEC00040119 /* Info.plist */,
				8320218222A6F7DA003BBB8C /* GradientView.swift */,
			);
			path = MQF;
			sourceTree = "<group>";
		};
		83A9C71F2299BBEC00040119 /* MQFTests */ = {
			isa = PBXGroup;
			children = (
				832F07A423E3297300BBA3C6 /* QKSessionTests.swift */,
				832F07A223E2899E00BBA3C6 /* DataManagerTests.swift */,
				832F07A023E287C700BBA3C6 /* MQFBaseTests.swift */,
				832F079E23E2865600BBA3C6 /* QKQuestion.swift */,
				83A9C7202299BBEC00040119 /* MQFTests.swift */,
				83A9C7222299BBEC00040119 /* Info.plist */,
			);
			path = MQFTests;
			sourceTree = "<group>";
		};
		83A9C72A2299BBEC00040119 /* MQFUITests */ = {
			isa = PBXGroup;
			children = (
				83A9C72B2299BBEC00040119 /* MQFUITests.swift */,
				83A9C72D2299BBEC00040119 /* Info.plist */,
			);
			path = MQFUITests;
			sourceTree = "<group>";
		};
		83A9C7392299BE7A00040119 /* QuizKit */ = {
			isa = PBXGroup;
			children = (
				83A9C73A2299BE8B00040119 /* Array + Shuffled.swift */,
				83A9C73F2299BE8B00040119 /* QKError.swift */,
				83A9C73D2299BE8B00040119 /* QKQuestion.swift */,
				83A9C73B2299BE8B00040119 /* QKQuestionType.swift */,
				83A9C73C2299BE8B00040119 /* QKSessionDelegate.swift */,
				83A9C73E2299BE8B00040119 /* QKQuiz.swift */,
				83A9C7402299BE8B00040119 /* QKSession.swift */,
				837E02A823B136B000489C2A /* Quiz Kit LICENSE */,
				837E02AA23B136E000489C2A /* README.md */,
				83A9C7482299BF9400040119 /* example-quiz.json */,
			);
			path = QuizKit;
			sourceTree = "<group>";
		};
		83A9C74C229CA27C00040119 /* Question View */ = {
			isa = PBXGroup;
			children = (
				83A9C74D229CA29800040119 /* QuestionCollectionViewController.swift */,
				83A9C74F229CA6F700040119 /* QuestionheaderCollectionReusableView.swift */,
				83A9C751229CAB3C00040119 /* QuestionAnswerCollectionViewCell.swift */,
				83A9C753229DF0F600040119 /* QuestionFooterCollectionReusableView.swift */,
				838838D922A3993E000896C6 /* BG.png */,
				838838D722A39303000896C6 /* pentagon.jpg */,
				83F607F722AC62BB00ED22E7 /* CenterAlignedCollectionViewFlowLayout.swift */,
			);
			path = "Question View";
			sourceTree = "<group>";
		};
		C33DF7AA129BF7F751701D53 /* Frameworks */ = {
			isa = PBXGroup;
			children = (
				64273BF3175D69449404DEFA /* Pods_MQF.framework */,
				7FB01373C528EDCFF2764930 /* Pods_MQFTests.framework */,
				411B243AAA9033CE7AB33D6F /* Pods_MQFUITests.framework */,
			);
			name = Frameworks;
			sourceTree = "<group>";
		};
/* End PBXGroup section */

/* Begin PBXNativeTarget section */
		832F080023E3F35900BBA3C6 /* MQFTestsWithFrameworks */ = {
			isa = PBXNativeTarget;
			buildConfigurationList = 832F080823E3F35900BBA3C6 /* Build configuration list for PBXNativeTarget "MQFTestsWithFrameworks" */;
			buildPhases = (
				832F07FD23E3F35900BBA3C6 /* Sources */,
				832F07FE23E3F35900BBA3C6 /* Frameworks */,
				832F07FF23E3F35900BBA3C6 /* Resources */,
			);
			buildRules = (
			);
			dependencies = (
				832F080723E3F35900BBA3C6 /* PBXTargetDependency */,
			);
			name = MQFTestsWithFrameworks;
			productName = MQFTestsWithFrameworks;
			productReference = 832F080123E3F35900BBA3C6 /* MQFTestsWithFrameworks.xctest */;
			productType = "com.apple.product-type.bundle.unit-test";
		};
		83A9C7052299BBEB00040119 /* MQF */ = {
			isa = PBXNativeTarget;
			buildConfigurationList = 83A9C7302299BBEC00040119 /* Build configuration list for PBXNativeTarget "MQF" */;
			buildPhases = (
				4A66F02FAAAFCE1F277FDC65 /* [CP] Check Pods Manifest.lock */,
				83A9C7022299BBEB00040119 /* Sources */,
				83A9C7032299BBEB00040119 /* Frameworks */,
				83A9C7042299BBEB00040119 /* Resources */,
				4689E940094BAF3D0AA0CF3E /* [CP] Embed Pods Frameworks */,
			);
			buildRules = (
			);
			dependencies = (
			);
			name = MQF;
			productName = MQF;
			productReference = 83A9C7062299BBEB00040119 /* MQF.app */;
			productType = "com.apple.product-type.application";
		};
		83A9C71B2299BBEC00040119 /* MQFTests */ = {
			isa = PBXNativeTarget;
			buildConfigurationList = 83A9C7332299BBEC00040119 /* Build configuration list for PBXNativeTarget "MQFTests" */;
			buildPhases = (
				C5149CA7D42963DA9C0FE33D /* [CP] Check Pods Manifest.lock */,
				83A9C7182299BBEC00040119 /* Sources */,
				83A9C7192299BBEC00040119 /* Frameworks */,
				83A9C71A2299BBEC00040119 /* Resources */,
				6B74224E071763499DF92337 /* [CP] Embed Pods Frameworks */,
			);
			buildRules = (
			);
			dependencies = (
				83A9C71E2299BBEC00040119 /* PBXTargetDependency */,
			);
			name = MQFTests;
			productName = MQFTests;
			productReference = 83A9C71C2299BBEC00040119 /* MQFTests.xctest */;
			productType = "com.apple.product-type.bundle.unit-test";
		};
		83A9C7262299BBEC00040119 /* MQFUITests */ = {
			isa = PBXNativeTarget;
			buildConfigurationList = 83A9C7362299BBEC00040119 /* Build configuration list for PBXNativeTarget "MQFUITests" */;
			buildPhases = (
				B27935A65D8E765B0F209877 /* [CP] Check Pods Manifest.lock */,
				83A9C7232299BBEC00040119 /* Sources */,
				83A9C7242299BBEC00040119 /* Frameworks */,
				83A9C7252299BBEC00040119 /* Resources */,
				8F2711714FEA8EF4F00C6ED8 /* [CP] Embed Pods Frameworks */,
			);
			buildRules = (
			);
			dependencies = (
				83A9C7292299BBEC00040119 /* PBXTargetDependency */,
			);
			name = MQFUITests;
			productName = MQFUITests;
			productReference = 83A9C7272299BBEC00040119 /* MQFUITests.xctest */;
			productType = "com.apple.product-type.bundle.ui-testing";
		};
/* End PBXNativeTarget section */

/* Begin PBXProject section */
		83A9C6FE2299BBEB00040119 /* Project object */ = {
			isa = PBXProject;
			attributes = {
				CLASSPREFIX = "";
				DefaultBuildSystemTypeForWorkspace = Original;
				LastSwiftUpdateCheck = 1130;
				LastUpgradeCheck = 1020;
				ORGANIZATIONNAME = "Airmen Coders, US Air Force - See INTENT.md for license type information";
				TargetAttributes = {
					832F080023E3F35900BBA3C6 = {
						CreatedOnToolsVersion = 11.3.1;
						TestTargetID = 83A9C7052299BBEB00040119;
					};
					83A9C7052299BBEB00040119 = {
						CreatedOnToolsVersion = 10.2.1;
						SystemCapabilities = {
							com.apple.ApplicationGroups.iOS = {
								enabled = 1;
							};
						};
					};
					83A9C71B2299BBEC00040119 = {
						CreatedOnToolsVersion = 10.2.1;
						TestTargetID = 83A9C7052299BBEB00040119;
					};
					83A9C7262299BBEC00040119 = {
						CreatedOnToolsVersion = 10.2.1;
						TestTargetID = 83A9C7052299BBEB00040119;
					};
				};
			};
			buildConfigurationList = 83A9C7012299BBEB00040119 /* Build configuration list for PBXProject "MQF" */;
			compatibilityVersion = "Xcode 9.3";
			developmentRegion = en;
			hasScannedForEncodings = 0;
			knownRegions = (
				en,
				Base,
			);
			mainGroup = 83A9C6FD2299BBEB00040119;
			productRefGroup = 83A9C7072299BBEB00040119 /* Products */;
			projectDirPath = "";
			projectRoot = "";
			targets = (
				83A9C7052299BBEB00040119 /* MQF */,
				83A9C71B2299BBEC00040119 /* MQFTests */,
				83A9C7262299BBEC00040119 /* MQFUITests */,
				832F080023E3F35900BBA3C6 /* MQFTestsWithFrameworks */,
			);
		};
/* End PBXProject section */

/* Begin PBXResourcesBuildPhase section */
		832F07FF23E3F35900BBA3C6 /* Resources */ = {
			isa = PBXResourcesBuildPhase;
			buildActionMask = 2147483647;
			files = (
			);
			runOnlyForDeploymentPostprocessing = 0;
		};
		83A9C7042299BBEB00040119 /* Resources */ = {
			isa = PBXResourcesBuildPhase;
			buildActionMask = 2147483647;
			files = (
				8326A40923DE563B009B2934 /* test-c17-ILM.json in Resources */,
				83F6CA222676A77E0089BA48 /* test-available.json in Resources */,
				8326A3F323DE54C3009B2934 /* available.json in Resources */,
				8326A40B23DE563B009B2934 /* test-c17-LM-AD.json in Resources */,
				8326A40423DE563B009B2934 /* test-c17-Pilot-IP-1nov.json in Resources */,
				8326A40323DE563B009B2934 /* test-c17-Pilot-AD-1nov.json in Resources */,
				838838D822A39303000896C6 /* pentagon.jpg in Resources */,
				8326A40823DE563B009B2934 /* test-c17-LM-AD-May18.json in Resources */,
				8326A40023DE563B009B2934 /* test-c17-ILM-May18.json in Resources */,
				8326A40223DE563B009B2934 /* test-c17-Pilot-1nov.json in Resources */,
				83A9C7162299BBEC00040119 /* LaunchScreen.storyboard in Resources */,
				8326A40523DE563B009B2934 /* test-c17-KCHS-Pilot.json in Resources */,
				83A9C7132299BBEC00040119 /* Assets.xcassets in Resources */,
				837E02A923B136B000489C2A /* Quiz Kit LICENSE in Resources */,
				8326A40123DE563B009B2934 /* test-c17-LM-May18.json in Resources */,
				837E02AB23B136E000489C2A /* README.md in Resources */,
				83A9C7112299BBEB00040119 /* Main.storyboard in Resources */,
				83A9C7492299BF9400040119 /* example-quiz.json in Resources */,
				838838DA22A3993E000896C6 /* BG.png in Resources */,
				8326A40623DE563B009B2934 /* test-c17-LM.json in Resources */,
			);
			runOnlyForDeploymentPostprocessing = 0;
		};
		83A9C71A2299BBEC00040119 /* Resources */ = {
			isa = PBXResourcesBuildPhase;
			buildActionMask = 2147483647;
			files = (
				832F07F223E3F27200BBA3C6 /* Tests.json in Resources */,
			);
			runOnlyForDeploymentPostprocessing = 0;
		};
		83A9C7252299BBEC00040119 /* Resources */ = {
			isa = PBXResourcesBuildPhase;
			buildActionMask = 2147483647;
			files = (
			);
			runOnlyForDeploymentPostprocessing = 0;
		};
/* End PBXResourcesBuildPhase section */

/* Begin PBXShellScriptBuildPhase section */
		4689E940094BAF3D0AA0CF3E /* [CP] Embed Pods Frameworks */ = {
			isa = PBXShellScriptBuildPhase;
			buildActionMask = 2147483647;
			files = (
			);
			inputFileListPaths = (
				"${PODS_ROOT}/Target Support Files/Pods-MQF/Pods-MQF-frameworks-${CONFIGURATION}-input-files.xcfilelist",
			);
			name = "[CP] Embed Pods Frameworks";
			outputFileListPaths = (
				"${PODS_ROOT}/Target Support Files/Pods-MQF/Pods-MQF-frameworks-${CONFIGURATION}-output-files.xcfilelist",
			);
			runOnlyForDeploymentPostprocessing = 0;
			shellPath = /bin/sh;
			shellScript = "\"${PODS_ROOT}/Target Support Files/Pods-MQF/Pods-MQF-frameworks.sh\"\n";
			showEnvVarsInLog = 0;
		};
		4A66F02FAAAFCE1F277FDC65 /* [CP] Check Pods Manifest.lock */ = {
			isa = PBXShellScriptBuildPhase;
			buildActionMask = 2147483647;
			files = (
			);
			inputFileListPaths = (
			);
			inputPaths = (
				"${PODS_PODFILE_DIR_PATH}/Podfile.lock",
				"${PODS_ROOT}/Manifest.lock",
			);
			name = "[CP] Check Pods Manifest.lock";
			outputFileListPaths = (
			);
			outputPaths = (
				"$(DERIVED_FILE_DIR)/Pods-MQF-checkManifestLockResult.txt",
			);
			runOnlyForDeploymentPostprocessing = 0;
			shellPath = /bin/sh;
			shellScript = "diff \"${PODS_PODFILE_DIR_PATH}/Podfile.lock\" \"${PODS_ROOT}/Manifest.lock\" > /dev/null\nif [ $? != 0 ] ; then\n    # print error to STDERR\n    echo \"error: The sandbox is not in sync with the Podfile.lock. Run 'pod install' or update your CocoaPods installation.\" >&2\n    exit 1\nfi\n# This output is used by Xcode 'outputs' to avoid re-running this script phase.\necho \"SUCCESS\" > \"${SCRIPT_OUTPUT_FILE_0}\"\n";
			showEnvVarsInLog = 0;
		};
		6B74224E071763499DF92337 /* [CP] Embed Pods Frameworks */ = {
			isa = PBXShellScriptBuildPhase;
			buildActionMask = 2147483647;
			files = (
			);
			inputFileListPaths = (
				"${PODS_ROOT}/Target Support Files/Pods-MQFTests/Pods-MQFTests-frameworks-${CONFIGURATION}-input-files.xcfilelist",
			);
			name = "[CP] Embed Pods Frameworks";
			outputFileListPaths = (
				"${PODS_ROOT}/Target Support Files/Pods-MQFTests/Pods-MQFTests-frameworks-${CONFIGURATION}-output-files.xcfilelist",
			);
			runOnlyForDeploymentPostprocessing = 0;
			shellPath = /bin/sh;
			shellScript = "\"${PODS_ROOT}/Target Support Files/Pods-MQFTests/Pods-MQFTests-frameworks.sh\"\n";
			showEnvVarsInLog = 0;
		};
		8F2711714FEA8EF4F00C6ED8 /* [CP] Embed Pods Frameworks */ = {
			isa = PBXShellScriptBuildPhase;
			buildActionMask = 2147483647;
			files = (
			);
			inputFileListPaths = (
				"${PODS_ROOT}/Target Support Files/Pods-MQFUITests/Pods-MQFUITests-frameworks-${CONFIGURATION}-input-files.xcfilelist",
			);
			name = "[CP] Embed Pods Frameworks";
			outputFileListPaths = (
				"${PODS_ROOT}/Target Support Files/Pods-MQFUITests/Pods-MQFUITests-frameworks-${CONFIGURATION}-output-files.xcfilelist",
			);
			runOnlyForDeploymentPostprocessing = 0;
			shellPath = /bin/sh;
			shellScript = "\"${PODS_ROOT}/Target Support Files/Pods-MQFUITests/Pods-MQFUITests-frameworks.sh\"\n";
			showEnvVarsInLog = 0;
		};
		B27935A65D8E765B0F209877 /* [CP] Check Pods Manifest.lock */ = {
			isa = PBXShellScriptBuildPhase;
			buildActionMask = 2147483647;
			files = (
			);
			inputFileListPaths = (
			);
			inputPaths = (
				"${PODS_PODFILE_DIR_PATH}/Podfile.lock",
				"${PODS_ROOT}/Manifest.lock",
			);
			name = "[CP] Check Pods Manifest.lock";
			outputFileListPaths = (
			);
			outputPaths = (
				"$(DERIVED_FILE_DIR)/Pods-MQFUITests-checkManifestLockResult.txt",
			);
			runOnlyForDeploymentPostprocessing = 0;
			shellPath = /bin/sh;
			shellScript = "diff \"${PODS_PODFILE_DIR_PATH}/Podfile.lock\" \"${PODS_ROOT}/Manifest.lock\" > /dev/null\nif [ $? != 0 ] ; then\n    # print error to STDERR\n    echo \"error: The sandbox is not in sync with the Podfile.lock. Run 'pod install' or update your CocoaPods installation.\" >&2\n    exit 1\nfi\n# This output is used by Xcode 'outputs' to avoid re-running this script phase.\necho \"SUCCESS\" > \"${SCRIPT_OUTPUT_FILE_0}\"\n";
			showEnvVarsInLog = 0;
		};
		C5149CA7D42963DA9C0FE33D /* [CP] Check Pods Manifest.lock */ = {
			isa = PBXShellScriptBuildPhase;
			buildActionMask = 2147483647;
			files = (
			);
			inputFileListPaths = (
			);
			inputPaths = (
				"${PODS_PODFILE_DIR_PATH}/Podfile.lock",
				"${PODS_ROOT}/Manifest.lock",
			);
			name = "[CP] Check Pods Manifest.lock";
			outputFileListPaths = (
			);
			outputPaths = (
				"$(DERIVED_FILE_DIR)/Pods-MQFTests-checkManifestLockResult.txt",
			);
			runOnlyForDeploymentPostprocessing = 0;
			shellPath = /bin/sh;
			shellScript = "diff \"${PODS_PODFILE_DIR_PATH}/Podfile.lock\" \"${PODS_ROOT}/Manifest.lock\" > /dev/null\nif [ $? != 0 ] ; then\n    # print error to STDERR\n    echo \"error: The sandbox is not in sync with the Podfile.lock. Run 'pod install' or update your CocoaPods installation.\" >&2\n    exit 1\nfi\n# This output is used by Xcode 'outputs' to avoid re-running this script phase.\necho \"SUCCESS\" > \"${SCRIPT_OUTPUT_FILE_0}\"\n";
			showEnvVarsInLog = 0;
		};
/* End PBXShellScriptBuildPhase section */

/* Begin PBXSourcesBuildPhase section */
		832F07FD23E3F35900BBA3C6 /* Sources */ = {
			isa = PBXSourcesBuildPhase;
			buildActionMask = 2147483647;
			files = (
				832F080423E3F35900BBA3C6 /* MQFTestsWithFrameworks.swift in Sources */,
			);
			runOnlyForDeploymentPostprocessing = 0;
		};
		83A9C7022299BBEB00040119 /* Sources */ = {
			isa = PBXSourcesBuildPhase;
			buildActionMask = 2147483647;
			files = (
				8320218E22A8090C003BBB8C /* MQFDefaults.swift in Sources */,
				8320219022A81904003BBB8C /* DataManager.swift in Sources */,
				8320218322A6F7DA003BBB8C /* GradientView.swift in Sources */,
				83A9C750229CA6F700040119 /* QuestionheaderCollectionReusableView.swift in Sources */,
				8320217A22A47248003BBB8C /* SummaryTableViewCell.swift in Sources */,
				8320218622A71513003BBB8C /* SettingsViewController.swift in Sources */,
				83A9C756229E297B00040119 /* MenuViewController.swift in Sources */,
				83F607F822AC62BB00ED22E7 /* CenterAlignedCollectionViewFlowLayout.swift in Sources */,
				83F607F522AB661900ED22E7 /* MQFBase.swift in Sources */,
				83A9C752229CAB3C00040119 /* QuestionAnswerCollectionViewCell.swift in Sources */,
				8320218B22A7800C003BBB8C /* BorderedButton.swift in Sources */,
				83A9C7412299BE8B00040119 /* Array + Shuffled.swift in Sources */,
				83A9C7442299BE8B00040119 /* QKQuestion.swift in Sources */,
				83A9C70A2299BBEB00040119 /* AppDelegate.swift in Sources */,
				83A9C7452299BE8B00040119 /* QKQuiz.swift in Sources */,
				8320217822A46B89003BBB8C /* ResultsTableViewController.swift in Sources */,
				83F607F322AB629500ED22E7 /* MQFPreset.swift in Sources */,
				83A9C7432299BE8B00040119 /* QKSessionDelegate.swift in Sources */,
				83A9C7422299BE8B00040119 /* QKQuestionType.swift in Sources */,
				83A9C74E229CA29800040119 /* QuestionCollectionViewController.swift in Sources */,
				8320219222A81A8D003BBB8C /* MQFData.swift in Sources */,
				83A9C7462299BE8B00040119 /* QKError.swift in Sources */,
				83A9C7472299BE8B00040119 /* QKSession.swift in Sources */,
				8320218922A775E2003BBB8C /* extensions.swift in Sources */,
				8320217C22A47253003BBB8C /* QuestionTableViewCell.swift in Sources */,
				83A9C754229DF0F600040119 /* QuestionFooterCollectionReusableView.swift in Sources */,
				8320219422AB2FF0003BBB8C /* ChooseMQFViewController.swift in Sources */,
				838DFFAC22F2A61B00B71F07 /* SetUpViewController.swift in Sources */,
			);
			runOnlyForDeploymentPostprocessing = 0;
		};
		83A9C7182299BBEC00040119 /* Sources */ = {
			isa = PBXSourcesBuildPhase;
			buildActionMask = 2147483647;
			files = (
				832F07E623E3F22600BBA3C6 /* SequenceTypeTests.swift in Sources */,
				83A9C7212299BBEC00040119 /* MQFTests.swift in Sources */,
				832F07A323E2899E00BBA3C6 /* DataManagerTests.swift in Sources */,
				832F07E923E3F22600BBA3C6 /* PrintableTests.swift in Sources */,
				832F07F823E3F2E900BBA3C6 /* UICircularProgressRingPauseResetTests.swift in Sources */,
				832F07C223E3F05900BBA3C6 /* HelperMethodTests.swift in Sources */,
				832F07C623E3F05900BBA3C6 /* SelectableSectionTests.swift in Sources */,
				832F07C723E3F05900BBA3C6 /* SectionsInsertionTests.swift in Sources */,
				832F07A123E287C700BBA3C6 /* MQFBaseTests.swift in Sources */,
				832F07EC23E3F22600BBA3C6 /* MutabilityTests.swift in Sources */,
				832F07ED23E3F22600BBA3C6 /* ArrayTests.swift in Sources */,
				832F07E023E3F22600BBA3C6 /* PerformanceTests.swift in Sources */,
				832F07CA23E3F05900BBA3C6 /* CallbacksTests.swift in Sources */,
				832F07BE23E3F05900BBA3C6 /* DateTests.swift in Sources */,
				832F07C023E3F05900BBA3C6 /* SetValuesTests.swift in Sources */,
				832F07E323E3F22600BBA3C6 /* BaseTests.swift in Sources */,
				832F07C823E3F05900BBA3C6 /* RowsInsertionTests.swift in Sources */,
				832F07A523E3297300BBA3C6 /* QKSessionTests.swift in Sources */,
				832F079F23E2865600BBA3C6 /* QKQuestion.swift in Sources */,
				832F07BF23E3F05900BBA3C6 /* HiddenRowsTests.swift in Sources */,
				832F07E723E3F22600BBA3C6 /* StringTests.swift in Sources */,
				832F07CB23E3F05900BBA3C6 /* MultivaluedSectionTests.swift in Sources */,
				832F07EE23E3F22600BBA3C6 /* ComparableTests.swift in Sources */,
				832F07EF23E3F22600BBA3C6 /* NestedJSONTests.swift in Sources */,
				832F07F923E3F2E900BBA3C6 /* ValueFormatterTests.swift in Sources */,
				832F07FB23E3F2E900BBA3C6 /* UICircularProgressRingTests.swift in Sources */,
				832F07BC23E3F05900BBA3C6 /* OperatorsTest.swift in Sources */,
				832F07C923E3F05900BBA3C6 /* ValidationsTests.swift in Sources */,
				832F07E223E3F22600BBA3C6 /* NumberTests.swift in Sources */,
				832F07E123E3F22600BBA3C6 /* SubscriptTests.swift in Sources */,
				832F07DF23E3F22600BBA3C6 /* MergeTests.swift in Sources */,
				832F07C523E3F05900BBA3C6 /* RowCallbackTests.swift in Sources */,
				832F07E523E3F22600BBA3C6 /* CodableTests.swift in Sources */,
				832F07C123E3F05900BBA3C6 /* BaseEurekaTests.swift in Sources */,
				832F07E423E3F22600BBA3C6 /* DictionaryTests.swift in Sources */,
				832F07C323E3F05900BBA3C6 /* RowByTagTests.swift in Sources */,
				832F07BD23E3F05900BBA3C6 /* FormValuesTests.swift in Sources */,
				832F07C423E3F05900BBA3C6 /* CollectionTests.swift in Sources */,
				832F07FA23E3F2E900BBA3C6 /* UICircularTimerRingTests.swift in Sources */,
				832F07EA23E3F22600BBA3C6 /* RawTests.swift in Sources */,
				832F07E823E3F22600BBA3C6 /* RawRepresentableTests.swift in Sources */,
				832F07EB23E3F22600BBA3C6 /* LiteralConvertibleTests.swift in Sources */,
			);
			runOnlyForDeploymentPostprocessing = 0;
		};
		83A9C7232299BBEC00040119 /* Sources */ = {
			isa = PBXSourcesBuildPhase;
			buildActionMask = 2147483647;
			files = (
				83A9C72C2299BBEC00040119 /* MQFUITests.swift in Sources */,
			);
			runOnlyForDeploymentPostprocessing = 0;
		};
/* End PBXSourcesBuildPhase section */

/* Begin PBXTargetDependency section */
		832F080723E3F35900BBA3C6 /* PBXTargetDependency */ = {
			isa = PBXTargetDependency;
			target = 83A9C7052299BBEB00040119 /* MQF */;
			targetProxy = 832F080623E3F35900BBA3C6 /* PBXContainerItemProxy */;
		};
		83A9C71E2299BBEC00040119 /* PBXTargetDependency */ = {
			isa = PBXTargetDependency;
			target = 83A9C7052299BBEB00040119 /* MQF */;
			targetProxy = 83A9C71D2299BBEC00040119 /* PBXContainerItemProxy */;
		};
		83A9C7292299BBEC00040119 /* PBXTargetDependency */ = {
			isa = PBXTargetDependency;
			target = 83A9C7052299BBEB00040119 /* MQF */;
			targetProxy = 83A9C7282299BBEC00040119 /* PBXContainerItemProxy */;
		};
/* End PBXTargetDependency section */

/* Begin PBXVariantGroup section */
		83A9C70F2299BBEB00040119 /* Main.storyboard */ = {
			isa = PBXVariantGroup;
			children = (
				83A9C7102299BBEB00040119 /* Base */,
			);
			name = Main.storyboard;
			sourceTree = "<group>";
		};
		83A9C7142299BBEC00040119 /* LaunchScreen.storyboard */ = {
			isa = PBXVariantGroup;
			children = (
				83A9C7152299BBEC00040119 /* Base */,
			);
			name = LaunchScreen.storyboard;
			sourceTree = "<group>";
		};
/* End PBXVariantGroup section */

/* Begin XCBuildConfiguration section */
		832F080923E3F35900BBA3C6 /* Debug */ = {
			isa = XCBuildConfiguration;
			buildSettings = {
				BUNDLE_LOADER = "$(TEST_HOST)";
				CODE_SIGN_STYLE = Automatic;
				DEVELOPMENT_TEAM = RQ9T47YT3S;
				INFOPLIST_FILE = MQFTestsWithFrameworks/Info.plist;
				IPHONEOS_DEPLOYMENT_TARGET = 13.2;
				LD_RUNPATH_SEARCH_PATHS = (
					"$(inherited)",
					"@executable_path/Frameworks",
					"@loader_path/Frameworks",
				);
				PRODUCT_BUNDLE_IDENTIFIER = mil.airmencoders.mqf.efb.MQFTestsWithFrameworks;
				PRODUCT_NAME = "$(TARGET_NAME)";
				SWIFT_VERSION = 5.0;
				TARGETED_DEVICE_FAMILY = "1,2";
				TEST_HOST = "$(BUILT_PRODUCTS_DIR)/MQF.app/MQF";
			};
			name = Debug;
		};
		832F080A23E3F35900BBA3C6 /* Release */ = {
			isa = XCBuildConfiguration;
			buildSettings = {
				BUNDLE_LOADER = "$(TEST_HOST)";
				CODE_SIGN_STYLE = Automatic;
				DEVELOPMENT_TEAM = RQ9T47YT3S;
				INFOPLIST_FILE = MQFTestsWithFrameworks/Info.plist;
				IPHONEOS_DEPLOYMENT_TARGET = 13.2;
				LD_RUNPATH_SEARCH_PATHS = (
					"$(inherited)",
					"@executable_path/Frameworks",
					"@loader_path/Frameworks",
				);
				PRODUCT_BUNDLE_IDENTIFIER = mil.airmencoders.mqf.efb.MQFTestsWithFrameworks;
				PRODUCT_NAME = "$(TARGET_NAME)";
				SWIFT_VERSION = 5.0;
				TARGETED_DEVICE_FAMILY = "1,2";
				TEST_HOST = "$(BUILT_PRODUCTS_DIR)/MQF.app/MQF";
			};
			name = Release;
		};
		83A9C72E2299BBEC00040119 /* Debug */ = {
			isa = XCBuildConfiguration;
			buildSettings = {
				ALWAYS_SEARCH_USER_PATHS = NO;
				CLANG_ANALYZER_NONNULL = YES;
				CLANG_ANALYZER_NUMBER_OBJECT_CONVERSION = YES_AGGRESSIVE;
				CLANG_CXX_LANGUAGE_STANDARD = "gnu++14";
				CLANG_CXX_LIBRARY = "libc++";
				CLANG_ENABLE_MODULES = YES;
				CLANG_ENABLE_OBJC_ARC = YES;
				CLANG_ENABLE_OBJC_WEAK = YES;
				CLANG_WARN_BLOCK_CAPTURE_AUTORELEASING = YES;
				CLANG_WARN_BOOL_CONVERSION = YES;
				CLANG_WARN_COMMA = YES;
				CLANG_WARN_CONSTANT_CONVERSION = YES;
				CLANG_WARN_DEPRECATED_OBJC_IMPLEMENTATIONS = YES;
				CLANG_WARN_DIRECT_OBJC_ISA_USAGE = YES_ERROR;
				CLANG_WARN_DOCUMENTATION_COMMENTS = YES;
				CLANG_WARN_EMPTY_BODY = YES;
				CLANG_WARN_ENUM_CONVERSION = YES;
				CLANG_WARN_INFINITE_RECURSION = YES;
				CLANG_WARN_INT_CONVERSION = YES;
				CLANG_WARN_NON_LITERAL_NULL_CONVERSION = YES;
				CLANG_WARN_OBJC_IMPLICIT_RETAIN_SELF = YES;
				CLANG_WARN_OBJC_LITERAL_CONVERSION = YES;
				CLANG_WARN_OBJC_ROOT_CLASS = YES_ERROR;
				CLANG_WARN_RANGE_LOOP_ANALYSIS = YES;
				CLANG_WARN_STRICT_PROTOTYPES = YES;
				CLANG_WARN_SUSPICIOUS_MOVE = YES;
				CLANG_WARN_UNGUARDED_AVAILABILITY = YES_AGGRESSIVE;
				CLANG_WARN_UNREACHABLE_CODE = YES;
				CLANG_WARN__DUPLICATE_METHOD_MATCH = YES;
				CODE_SIGN_IDENTITY = "iPhone Developer";
				COPY_PHASE_STRIP = NO;
				DEBUG_INFORMATION_FORMAT = dwarf;
				ENABLE_STRICT_OBJC_MSGSEND = YES;
				ENABLE_TESTABILITY = YES;
				GCC_C_LANGUAGE_STANDARD = gnu11;
				GCC_DYNAMIC_NO_PIC = NO;
				GCC_NO_COMMON_BLOCKS = YES;
				GCC_OPTIMIZATION_LEVEL = 0;
				GCC_PREPROCESSOR_DEFINITIONS = (
					"DEBUG=1",
					"$(inherited)",
				);
				GCC_WARN_64_TO_32_BIT_CONVERSION = YES;
				GCC_WARN_ABOUT_RETURN_TYPE = YES_ERROR;
				GCC_WARN_UNDECLARED_SELECTOR = YES;
				GCC_WARN_UNINITIALIZED_AUTOS = YES_AGGRESSIVE;
				GCC_WARN_UNUSED_FUNCTION = YES;
				GCC_WARN_UNUSED_VARIABLE = YES;
				IPHONEOS_DEPLOYMENT_TARGET = 13.0;
				MTL_ENABLE_DEBUG_INFO = INCLUDE_SOURCE;
				MTL_FAST_MATH = YES;
				ONLY_ACTIVE_ARCH = YES;
				SDKROOT = iphoneos;
				SWIFT_ACTIVE_COMPILATION_CONDITIONS = DEBUG;
				SWIFT_OPTIMIZATION_LEVEL = "-Onone";
			};
			name = Debug;
		};
		83A9C72F2299BBEC00040119 /* Release */ = {
			isa = XCBuildConfiguration;
			buildSettings = {
				ALWAYS_SEARCH_USER_PATHS = NO;
				CLANG_ANALYZER_NONNULL = YES;
				CLANG_ANALYZER_NUMBER_OBJECT_CONVERSION = YES_AGGRESSIVE;
				CLANG_CXX_LANGUAGE_STANDARD = "gnu++14";
				CLANG_CXX_LIBRARY = "libc++";
				CLANG_ENABLE_MODULES = YES;
				CLANG_ENABLE_OBJC_ARC = YES;
				CLANG_ENABLE_OBJC_WEAK = YES;
				CLANG_WARN_BLOCK_CAPTURE_AUTORELEASING = YES;
				CLANG_WARN_BOOL_CONVERSION = YES;
				CLANG_WARN_COMMA = YES;
				CLANG_WARN_CONSTANT_CONVERSION = YES;
				CLANG_WARN_DEPRECATED_OBJC_IMPLEMENTATIONS = YES;
				CLANG_WARN_DIRECT_OBJC_ISA_USAGE = YES_ERROR;
				CLANG_WARN_DOCUMENTATION_COMMENTS = YES;
				CLANG_WARN_EMPTY_BODY = YES;
				CLANG_WARN_ENUM_CONVERSION = YES;
				CLANG_WARN_INFINITE_RECURSION = YES;
				CLANG_WARN_INT_CONVERSION = YES;
				CLANG_WARN_NON_LITERAL_NULL_CONVERSION = YES;
				CLANG_WARN_OBJC_IMPLICIT_RETAIN_SELF = YES;
				CLANG_WARN_OBJC_LITERAL_CONVERSION = YES;
				CLANG_WARN_OBJC_ROOT_CLASS = YES_ERROR;
				CLANG_WARN_RANGE_LOOP_ANALYSIS = YES;
				CLANG_WARN_STRICT_PROTOTYPES = YES;
				CLANG_WARN_SUSPICIOUS_MOVE = YES;
				CLANG_WARN_UNGUARDED_AVAILABILITY = YES_AGGRESSIVE;
				CLANG_WARN_UNREACHABLE_CODE = YES;
				CLANG_WARN__DUPLICATE_METHOD_MATCH = YES;
				CODE_SIGN_IDENTITY = "iPhone Developer";
				COPY_PHASE_STRIP = NO;
				DEBUG_INFORMATION_FORMAT = "dwarf-with-dsym";
				ENABLE_NS_ASSERTIONS = NO;
				ENABLE_STRICT_OBJC_MSGSEND = YES;
				GCC_C_LANGUAGE_STANDARD = gnu11;
				GCC_NO_COMMON_BLOCKS = YES;
				GCC_WARN_64_TO_32_BIT_CONVERSION = YES;
				GCC_WARN_ABOUT_RETURN_TYPE = YES_ERROR;
				GCC_WARN_UNDECLARED_SELECTOR = YES;
				GCC_WARN_UNINITIALIZED_AUTOS = YES_AGGRESSIVE;
				GCC_WARN_UNUSED_FUNCTION = YES;
				GCC_WARN_UNUSED_VARIABLE = YES;
				IPHONEOS_DEPLOYMENT_TARGET = 13.0;
				MTL_ENABLE_DEBUG_INFO = NO;
				MTL_FAST_MATH = YES;
				SDKROOT = iphoneos;
				SWIFT_COMPILATION_MODE = wholemodule;
				SWIFT_OPTIMIZATION_LEVEL = "-O";
				VALIDATE_PRODUCT = YES;
			};
			name = Release;
		};
		83A9C7312299BBEC00040119 /* Debug */ = {
			isa = XCBuildConfiguration;
			baseConfigurationReference = 14894FABE21EF6A7C3102094 /* Pods-MQF.debug.xcconfig */;
			buildSettings = {
				ASSETCATALOG_COMPILER_APPICON_NAME = AppIcon;
				CODE_SIGN_ENTITLEMENTS = MQF/MQF.entitlements;
				CODE_SIGN_STYLE = Automatic;
				CURRENT_PROJECT_VERSION = 3006;
				DEVELOPMENT_TEAM = RQ9T47YT3S;
				INFOPLIST_FILE = MQF/Info.plist;
				IPHONEOS_DEPLOYMENT_TARGET = 13.0;
				LD_RUNPATH_SEARCH_PATHS = (
					"$(inherited)",
					"@executable_path/Frameworks",
				);
				MARKETING_VERSION = 1.6.17;
				PRODUCT_BUNDLE_IDENTIFIER = mil.airmencoders.mqf.efb;
				PRODUCT_NAME = "$(TARGET_NAME)";
				SWIFT_VERSION = 5.0;
				TARGETED_DEVICE_FAMILY = "1,2";
			};
			name = Debug;
		};
		83A9C7322299BBEC00040119 /* Release */ = {
			isa = XCBuildConfiguration;
			baseConfigurationReference = 10449FA05393E175022739F3 /* Pods-MQF.release.xcconfig */;
			buildSettings = {
				ASSETCATALOG_COMPILER_APPICON_NAME = AppIcon;
				CODE_SIGN_ENTITLEMENTS = MQF/MQF.entitlements;
				CODE_SIGN_STYLE = Automatic;
				CURRENT_PROJECT_VERSION = 3006;
				DEVELOPMENT_TEAM = RQ9T47YT3S;
				INFOPLIST_FILE = MQF/Info.plist;
				IPHONEOS_DEPLOYMENT_TARGET = 13.0;
				LD_RUNPATH_SEARCH_PATHS = (
					"$(inherited)",
					"@executable_path/Frameworks",
				);
				MARKETING_VERSION = 1.6.17;
				PRODUCT_BUNDLE_IDENTIFIER = mil.airmencoders.mqf.efb;
				PRODUCT_NAME = "$(TARGET_NAME)";
				SWIFT_VERSION = 5.0;
				TARGETED_DEVICE_FAMILY = "1,2";
			};
			name = Release;
		};
		83A9C7342299BBEC00040119 /* Debug */ = {
			isa = XCBuildConfiguration;
			baseConfigurationReference = 5DB7E8EFE5967B93980B6C50 /* Pods-MQFTests.debug.xcconfig */;
			buildSettings = {
				ALWAYS_EMBED_SWIFT_STANDARD_LIBRARIES = YES;
				BUNDLE_LOADER = "$(TEST_HOST)";
				CODE_SIGN_STYLE = Automatic;
				DEVELOPMENT_TEAM = LY7BH5L6XV;
				INFOPLIST_FILE = MQFTests/Info.plist;
				LD_RUNPATH_SEARCH_PATHS = (
					"$(inherited)",
					"@executable_path/Frameworks",
					"@loader_path/Frameworks",
				);
				PRODUCT_BUNDLE_IDENTIFIER = com.opsneverstops.MQFTests;
				PRODUCT_NAME = "$(TARGET_NAME)";
				SWIFT_VERSION = 5.0;
				TARGETED_DEVICE_FAMILY = "1,2";
				TEST_HOST = "$(BUILT_PRODUCTS_DIR)/MQF.app/MQF";
			};
			name = Debug;
		};
		83A9C7352299BBEC00040119 /* Release */ = {
			isa = XCBuildConfiguration;
			baseConfigurationReference = 1ADB5FEC719D39F10AD18F13 /* Pods-MQFTests.release.xcconfig */;
			buildSettings = {
				ALWAYS_EMBED_SWIFT_STANDARD_LIBRARIES = YES;
				BUNDLE_LOADER = "$(TEST_HOST)";
				CODE_SIGN_STYLE = Automatic;
				DEVELOPMENT_TEAM = LY7BH5L6XV;
				INFOPLIST_FILE = MQFTests/Info.plist;
				LD_RUNPATH_SEARCH_PATHS = (
					"$(inherited)",
					"@executable_path/Frameworks",
					"@loader_path/Frameworks",
				);
				PRODUCT_BUNDLE_IDENTIFIER = com.opsneverstops.MQFTests;
				PRODUCT_NAME = "$(TARGET_NAME)";
				SWIFT_VERSION = 5.0;
				TARGETED_DEVICE_FAMILY = "1,2";
				TEST_HOST = "$(BUILT_PRODUCTS_DIR)/MQF.app/MQF";
			};
			name = Release;
		};
		83A9C7372299BBEC00040119 /* Debug */ = {
			isa = XCBuildConfiguration;
			baseConfigurationReference = C68176D8A4D27345666C52E7 /* Pods-MQFUITests.debug.xcconfig */;
			buildSettings = {
				ALWAYS_EMBED_SWIFT_STANDARD_LIBRARIES = YES;
				CODE_SIGN_STYLE = Automatic;
				DEVELOPMENT_TEAM = LY7BH5L6XV;
				INFOPLIST_FILE = MQFUITests/Info.plist;
				LD_RUNPATH_SEARCH_PATHS = (
					"$(inherited)",
					"@executable_path/Frameworks",
					"@loader_path/Frameworks",
				);
				PRODUCT_BUNDLE_IDENTIFIER = com.opsneverstops.MQFUITests;
				PRODUCT_NAME = "$(TARGET_NAME)";
				SWIFT_VERSION = 5.0;
				TARGETED_DEVICE_FAMILY = "1,2";
				TEST_TARGET_NAME = MQF;
			};
			name = Debug;
		};
		83A9C7382299BBEC00040119 /* Release */ = {
			isa = XCBuildConfiguration;
			baseConfigurationReference = B8DE0DEDA7979F157C7D9A5E /* Pods-MQFUITests.release.xcconfig */;
			buildSettings = {
				ALWAYS_EMBED_SWIFT_STANDARD_LIBRARIES = YES;
				CODE_SIGN_STYLE = Automatic;
				DEVELOPMENT_TEAM = LY7BH5L6XV;
				INFOPLIST_FILE = MQFUITests/Info.plist;
				LD_RUNPATH_SEARCH_PATHS = (
					"$(inherited)",
					"@executable_path/Frameworks",
					"@loader_path/Frameworks",
				);
				PRODUCT_BUNDLE_IDENTIFIER = com.opsneverstops.MQFUITests;
				PRODUCT_NAME = "$(TARGET_NAME)";
				SWIFT_VERSION = 5.0;
				TARGETED_DEVICE_FAMILY = "1,2";
				TEST_TARGET_NAME = MQF;
			};
			name = Release;
		};
/* End XCBuildConfiguration section */

/* Begin XCConfigurationList section */
		832F080823E3F35900BBA3C6 /* Build configuration list for PBXNativeTarget "MQFTestsWithFrameworks" */ = {
			isa = XCConfigurationList;
			buildConfigurations = (
				832F080923E3F35900BBA3C6 /* Debug */,
				832F080A23E3F35900BBA3C6 /* Release */,
			);
			defaultConfigurationIsVisible = 0;
			defaultConfigurationName = Release;
		};
		83A9C7012299BBEB00040119 /* Build configuration list for PBXProject "MQF" */ = {
			isa = XCConfigurationList;
			buildConfigurations = (
				83A9C72E2299BBEC00040119 /* Debug */,
				83A9C72F2299BBEC00040119 /* Release */,
			);
			defaultConfigurationIsVisible = 0;
			defaultConfigurationName = Release;
		};
		83A9C7302299BBEC00040119 /* Build configuration list for PBXNativeTarget "MQF" */ = {
			isa = XCConfigurationList;
			buildConfigurations = (
				83A9C7312299BBEC00040119 /* Debug */,
				83A9C7322299BBEC00040119 /* Release */,
			);
			defaultConfigurationIsVisible = 0;
			defaultConfigurationName = Release;
		};
		83A9C7332299BBEC00040119 /* Build configuration list for PBXNativeTarget "MQFTests" */ = {
			isa = XCConfigurationList;
			buildConfigurations = (
				83A9C7342299BBEC00040119 /* Debug */,
				83A9C7352299BBEC00040119 /* Release */,
			);
			defaultConfigurationIsVisible = 0;
			defaultConfigurationName = Release;
		};
		83A9C7362299BBEC00040119 /* Build configuration list for PBXNativeTarget "MQFUITests" */ = {
			isa = XCConfigurationList;
			buildConfigurations = (
				83A9C7372299BBEC00040119 /* Debug */,
				83A9C7382299BBEC00040119 /* Release */,
			);
			defaultConfigurationIsVisible = 0;
			defaultConfigurationName = Release;
		};
/* End XCConfigurationList section */
	};
	rootObject = 83A9C6FE2299BBEB00040119 /* Project object */;
}
